// !$*UTF8*$!
{
	archiveVersion = 1;
	classes = {
	};
	objectVersion = 90;
	objects = {

/* Begin PBXBuildFile section */
		BFF55EC22A57315100EE0B3A /* BobbysCounterWidget.appex in Embed Foundation Extensions */ = {isa = PBXBuildFile; fileRef = BFF55EB42A57314E00EE0B3A /* BobbysCounterWidget.appex */; settings = {ATTRIBUTES = (RemoveHeadersOnCopy, ); }; };
/* End PBXBuildFile section */

/* Begin PBXContainerItemProxy section */
		BF2C45492A4B3EBA00D48C36 /* PBXContainerItemProxy */ = {
			isa = PBXContainerItemProxy;
			containerPortal = BF2C452C2A4B3EB900D48C36 /* Project object */;
			proxyType = 1;
			remoteGlobalIDString = BF2C45332A4B3EB900D48C36;
			remoteInfo = BobbysCounter;
		};
		BF2C45532A4B3EBA00D48C36 /* PBXContainerItemProxy */ = {
			isa = PBXContainerItemProxy;
			containerPortal = BF2C452C2A4B3EB900D48C36 /* Project object */;
			proxyType = 1;
			remoteGlobalIDString = BF2C45332A4B3EB900D48C36;
			remoteInfo = BobbysCounter;
		};
		BFF55EC02A57315100EE0B3A /* PBXContainerItemProxy */ = {
			isa = PBXContainerItemProxy;
			containerPortal = BF2C452C2A4B3EB900D48C36 /* Project object */;
			proxyType = 1;
			remoteGlobalIDString = BFF55EB32A57314E00EE0B3A;
			remoteInfo = BobbysCounterWidgetExtension;
		};
/* End PBXContainerItemProxy section */

/* Begin PBXCopyFilesBuildPhase section */
		BFF55E972A572B8D00EE0B3A /* Embed Foundation Extensions */ = {
			isa = PBXCopyFilesBuildPhase;
			dstPath = "";
			dstSubfolder = PlugIns;
			files = (
				BFF55EC22A57315100EE0B3A /* BobbysCounterWidget.appex in Embed Foundation Extensions */,
			);
			name = "Embed Foundation Extensions";
		};
/* End PBXCopyFilesBuildPhase section */

/* Begin PBXFileReference section */
		BF2C45342A4B3EB900D48C36 /* BobbysCounter.app */ = {isa = PBXFileReference; explicitFileType = wrapper.application; includeInIndex = 0; path = BobbysCounter.app; sourceTree = BUILT_PRODUCTS_DIR; };
		BF2C45482A4B3EBA00D48C36 /* BobbysCounterTests.xctest */ = {isa = PBXFileReference; explicitFileType = wrapper.cfbundle; includeInIndex = 0; path = BobbysCounterTests.xctest; sourceTree = BUILT_PRODUCTS_DIR; };
		BF2C45522A4B3EBA00D48C36 /* BobbysCounterUITests.xctest */ = {isa = PBXFileReference; explicitFileType = wrapper.cfbundle; includeInIndex = 0; path = BobbysCounterUITests.xctest; sourceTree = BUILT_PRODUCTS_DIR; };
		BFF55EB42A57314E00EE0B3A /* BobbysCounterWidget.appex */ = {isa = PBXFileReference; explicitFileType = "wrapper.app-extension"; includeInIndex = 0; path = BobbysCounterWidget.appex; sourceTree = BUILT_PRODUCTS_DIR; };
/* End PBXFileReference section */

/* Begin PBXFileSystemSynchronizedBuildFileExceptionSet section */
		BF32AE3C2F2C10BE00F72841 /* Exceptions for "BobbysCounter" folder in "BobbysCounterUITests" target */ = {
			isa = PBXFileSystemSynchronizedBuildFileExceptionSet;
			membershipExceptions = (
				Entity/Accessibility.swift,
				Resource/AppIcon.icon,
			);
			target = BF2C45512A4B3EBA00D48C36 /* BobbysCounterUITests */;
		};
		BFA3D1092D2EBD5900077763 /* Exceptions for "BobbysCounter" folder in "BobbysCounter" target */ = {
			isa = PBXFileSystemSynchronizedBuildFileExceptionSet;
			membershipExceptions = (
				Resource/AppIcon.fig,
				Resource/BobbysCounter.xctestplan,
				Resource/Info.plist,
				Resource/PrivacyInfo.xcprivacy,
			);
			target = BF2C45332A4B3EB900D48C36 /* BobbysCounter */;
		};
		BFA3D10A2D2EBD5900077763 /* Exceptions for "BobbysCounter" folder in "BobbysCounterTests" target */ = {
			isa = PBXFileSystemSynchronizedBuildFileExceptionSet;
			membershipExceptions = (
				Entity/Accessibility.swift,
				Entity/Alert.swift,
				Entity/Category.swift,
				Entity/CategoryActor.swift,
				Entity/Counter.swift,
				Entity/Errors.swift,
				Entity/Selected.swift,
				Entity/Sensory.swift,
				Entity/SettingsTip.swift,
				Entity/States.swift,
				Entity/Steps.swift,
				"Presentation/Extension/Date+Extension.swift",
				"Presentation/Extension/Double+Extension.swift",
				Resource/AppIcon.icon,
			);
			target = BF2C45472A4B3EBA00D48C36 /* BobbysCounterTests */;
		};
		BFA3D10B2D2EBD5900077763 /* Exceptions for "BobbysCounter" folder in "BobbysCounterWidget" target */ = {
			isa = PBXFileSystemSynchronizedBuildFileExceptionSet;
			membershipExceptions = (
				Entity/Category.swift,
				Entity/CategoryActor.swift,
				Entity/Counter.swift,
				Entity/Errors.swift,
				Entity/States.swift,
				Entity/Steps.swift,
				"Presentation/Extension/Date+Extension.swift",
				Resource/AppIcon.icon,
				Resource/Assets.xcassets,
				Resource/Localizable.xcstrings,
			);
			target = BFF55EB32A57314E00EE0B3A /* BobbysCounterWidget */;
		};
		BFED56E72E04BB92009DFB2F /* Exceptions for "BobbysCounterWidget" folder in "BobbysCounterWidget" target */ = {
			isa = PBXFileSystemSynchronizedBuildFileExceptionSet;
			membershipExceptions = (
				Resource/Info.plist,
			);
			target = BFF55EB32A57314E00EE0B3A /* BobbysCounterWidget */;
		};
/* End PBXFileSystemSynchronizedBuildFileExceptionSet section */

/* Begin PBXFileSystemSynchronizedRootGroup section */
		BFA3D0E32D2EBD5900077763 /* BobbysCounter */ = {
			isa = PBXFileSystemSynchronizedRootGroup;
			exceptions = (
				BFA3D1092D2EBD5900077763 /* Exceptions for "BobbysCounter" folder in "BobbysCounter" target */,
				BFA3D10A2D2EBD5900077763 /* Exceptions for "BobbysCounter" folder in "BobbysCounterTests" target */,
				BF32AE3C2F2C10BE00F72841 /* Exceptions for "BobbysCounter" folder in "BobbysCounterUITests" target */,
				BFA3D10B2D2EBD5900077763 /* Exceptions for "BobbysCounter" folder in "BobbysCounterWidget" target */,
			);
			path = BobbysCounter;
			sourceTree = "<group>";
		};
		BFA3D1192D2EBD5D00077763 /* BobbysCounterTests */ = {
			isa = PBXFileSystemSynchronizedRootGroup;
			path = BobbysCounterTests;
			sourceTree = "<group>";
		};
		BFA3D12E2D2EBD6200077763 /* BobbysCounterUITests */ = {
			isa = PBXFileSystemSynchronizedRootGroup;
			path = BobbysCounterUITests;
			sourceTree = "<group>";
		};
		BFA3D1412D2EBD6600077763 /* BobbysCounterWidget */ = {
			isa = PBXFileSystemSynchronizedRootGroup;
			exceptions = (
				BFED56E72E04BB92009DFB2F /* Exceptions for "BobbysCounterWidget" folder in "BobbysCounterWidget" target */,
			);
			path = BobbysCounterWidget;
			sourceTree = "<group>";
		};
/* End PBXFileSystemSynchronizedRootGroup section */

/* Begin PBXFrameworksBuildPhase section */
		BF2C45312A4B3EB900D48C36 /* Frameworks */ = {
			isa = PBXFrameworksBuildPhase;
			files = (
			);
		};
		BF2C45452A4B3EBA00D48C36 /* Frameworks */ = {
			isa = PBXFrameworksBuildPhase;
			files = (
			);
		};
		BF2C454F2A4B3EBA00D48C36 /* Frameworks */ = {
			isa = PBXFrameworksBuildPhase;
			files = (
			);
		};
		BFF55EB12A57314E00EE0B3A /* Frameworks */ = {
			isa = PBXFrameworksBuildPhase;
			files = (
			);
		};
/* End PBXFrameworksBuildPhase section */

/* Begin PBXGroup section */
		BF2C452B2A4B3EB900D48C36 = {
			isa = PBXGroup;
			children = (
				BFA3D0E32D2EBD5900077763 /* BobbysCounter */,
				BFA3D1192D2EBD5D00077763 /* BobbysCounterTests */,
				BFA3D12E2D2EBD6200077763 /* BobbysCounterUITests */,
				BFA3D1412D2EBD6600077763 /* BobbysCounterWidget */,
				BF2C45352A4B3EB900D48C36 /* Products */,
			);
			sourceTree = "<group>";
		};
		BF2C45352A4B3EB900D48C36 /* Products */ = {
			isa = PBXGroup;
			children = (
				BF2C45342A4B3EB900D48C36 /* BobbysCounter.app */,
				BF2C45482A4B3EBA00D48C36 /* BobbysCounterTests.xctest */,
				BF2C45522A4B3EBA00D48C36 /* BobbysCounterUITests.xctest */,
				BFF55EB42A57314E00EE0B3A /* BobbysCounterWidget.appex */,
			);
			name = Products;
			sourceTree = "<group>";
		};
/* End PBXGroup section */

/* Begin PBXNativeTarget section */
		BF2C45332A4B3EB900D48C36 /* BobbysCounter */ = {
			isa = PBXNativeTarget;
			buildConfigurationList = BF2C455C2A4B3EBA00D48C36 /* Build configuration list for PBXNativeTarget "BobbysCounter" */;
			buildPhases = (
				BF2C45302A4B3EB900D48C36 /* Sources */,
				BF2C45312A4B3EB900D48C36 /* Frameworks */,
				BF2C45322A4B3EB900D48C36 /* Resources */,
				BFF55E972A572B8D00EE0B3A /* Embed Foundation Extensions */,
				BF5C95EB2E04761600026D92 /* Run Pre-Commit */,
			);
			buildRules = (
			);
			dependencies = (
				BFF55EC12A57315100EE0B3A /* PBXTargetDependency */,
			);
			fileSystemSynchronizedGroups = (
				BFA3D0E32D2EBD5900077763 /* BobbysCounter */,
			);
			name = BobbysCounter;
			productName = BobbysCounter;
			productReference = BF2C45342A4B3EB900D48C36 /* BobbysCounter.app */;
			productType = "com.apple.product-type.application";
		};
		BF2C45472A4B3EBA00D48C36 /* BobbysCounterTests */ = {
			isa = PBXNativeTarget;
			buildConfigurationList = BF2C455F2A4B3EBA00D48C36 /* Build configuration list for PBXNativeTarget "BobbysCounterTests" */;
			buildPhases = (
				BF2C45442A4B3EBA00D48C36 /* Sources */,
				BF2C45452A4B3EBA00D48C36 /* Frameworks */,
				BF2C45462A4B3EBA00D48C36 /* Resources */,
			);
			buildRules = (
			);
			dependencies = (
				BF2C454A2A4B3EBA00D48C36 /* PBXTargetDependency */,
			);
			fileSystemSynchronizedGroups = (
				BFA3D1192D2EBD5D00077763 /* BobbysCounterTests */,
			);
			name = BobbysCounterTests;
			productName = BobbysCounterTests;
			productReference = BF2C45482A4B3EBA00D48C36 /* BobbysCounterTests.xctest */;
			productType = "com.apple.product-type.bundle.unit-test";
		};
		BF2C45512A4B3EBA00D48C36 /* BobbysCounterUITests */ = {
			isa = PBXNativeTarget;
			buildConfigurationList = BF2C45622A4B3EBA00D48C36 /* Build configuration list for PBXNativeTarget "BobbysCounterUITests" */;
			buildPhases = (
				BF2C454E2A4B3EBA00D48C36 /* Sources */,
				BF2C454F2A4B3EBA00D48C36 /* Frameworks */,
				BF2C45502A4B3EBA00D48C36 /* Resources */,
			);
			buildRules = (
			);
			dependencies = (
				BF2C45542A4B3EBA00D48C36 /* PBXTargetDependency */,
			);
			fileSystemSynchronizedGroups = (
				BFA3D12E2D2EBD6200077763 /* BobbysCounterUITests */,
			);
			name = BobbysCounterUITests;
			productName = BobbysCounterUITests;
			productReference = BF2C45522A4B3EBA00D48C36 /* BobbysCounterUITests.xctest */;
			productType = "com.apple.product-type.bundle.ui-testing";
		};
		BFF55EB32A57314E00EE0B3A /* BobbysCounterWidget */ = {
			isa = PBXNativeTarget;
			buildConfigurationList = BFF55EC32A57315100EE0B3A /* Build configuration list for PBXNativeTarget "BobbysCounterWidget" */;
			buildPhases = (
				BFF55EB02A57314E00EE0B3A /* Sources */,
				BFF55EB12A57314E00EE0B3A /* Frameworks */,
				BFF55EB22A57314E00EE0B3A /* Resources */,
			);
			buildRules = (
			);
			fileSystemSynchronizedGroups = (
				BFA3D1412D2EBD6600077763 /* BobbysCounterWidget */,
			);
			name = BobbysCounterWidget;
			productName = BobbysCounterWidgetExtension;
			productReference = BFF55EB42A57314E00EE0B3A /* BobbysCounterWidget.appex */;
			productType = "com.apple.product-type.app-extension";
		};
/* End PBXNativeTarget section */

/* Begin PBXProject section */
		BF2C452C2A4B3EB900D48C36 /* Project object */ = {
			isa = PBXProject;
			attributes = {
				BuildIndependentTargetsInParallel = 1;
				LastSwiftUpdateCheck = 1500;
				LastUpgradeCheck = 2620;
				TargetAttributes = {
					BF2C45332A4B3EB900D48C36 = {
						CreatedOnToolsVersion = 15.0;
					};
					BF2C45472A4B3EBA00D48C36 = {
						CreatedOnToolsVersion = 15.0;
						TestTargetID = BF2C45332A4B3EB900D48C36;
					};
					BF2C45512A4B3EBA00D48C36 = {
						CreatedOnToolsVersion = 15.0;
						TestTargetID = BF2C45332A4B3EB900D48C36;
					};
					BFF55EB32A57314E00EE0B3A = {
						CreatedOnToolsVersion = 15.0;
					};
				};
			};
			buildConfigurationList = BF2C452F2A4B3EB900D48C36 /* Build configuration list for PBXProject "BobbysCounter" */;
			developmentRegion = en;
			hasScannedForEncodings = 0;
			knownRegions = (
				en,
				Base,
				de,
			);
			mainGroup = BF2C452B2A4B3EB900D48C36;
			packageReferences = (
			);
			preferredProjectObjectVersion = 90;
			productRefGroup = BF2C45352A4B3EB900D48C36 /* Products */;
			projectDirPath = "";
			projectRoot = "";
			targets = (
				BF2C45332A4B3EB900D48C36 /* BobbysCounter */,
				BF2C45472A4B3EBA00D48C36 /* BobbysCounterTests */,
				BF2C45512A4B3EBA00D48C36 /* BobbysCounterUITests */,
				BFF55EB32A57314E00EE0B3A /* BobbysCounterWidget */,
			);
		};
/* End PBXProject section */

/* Begin PBXResourcesBuildPhase section */
		BF2C45322A4B3EB900D48C36 /* Resources */ = {
			isa = PBXResourcesBuildPhase;
			files = (
			);
		};
		BF2C45462A4B3EBA00D48C36 /* Resources */ = {
			isa = PBXResourcesBuildPhase;
			files = (
			);
		};
		BF2C45502A4B3EBA00D48C36 /* Resources */ = {
			isa = PBXResourcesBuildPhase;
			files = (
			);
		};
		BFF55EB22A57314E00EE0B3A /* Resources */ = {
			isa = PBXResourcesBuildPhase;
			files = (
			);
		};
/* End PBXResourcesBuildPhase section */

/* Begin PBXShellScriptBuildPhase section */
		BF5C95EB2E04761600026D92 /* Run Pre-Commit */ = {
			isa = PBXShellScriptBuildPhase;
			alwaysOutOfDate = 1;
			name = "Run Pre-Commit";
			shellPath = /bin/sh;
			shellScript = (
				"xcrun ./Scripts/pre-commit",
				"",
				"",
				"",
				"",
				"",
				"",
				"",
			);
		};
/* End PBXShellScriptBuildPhase section */

/* Begin PBXSourcesBuildPhase section */
		BF2C45302A4B3EB900D48C36 /* Sources */ = {
			isa = PBXSourcesBuildPhase;
			files = (
			);
		};
		BF2C45442A4B3EBA00D48C36 /* Sources */ = {
			isa = PBXSourcesBuildPhase;
			files = (
			);
		};
		BF2C454E2A4B3EBA00D48C36 /* Sources */ = {
			isa = PBXSourcesBuildPhase;
			files = (
			);
		};
		BFF55EB02A57314E00EE0B3A /* Sources */ = {
			isa = PBXSourcesBuildPhase;
			files = (
			);
		};
/* End PBXSourcesBuildPhase section */

/* Begin PBXTargetDependency section */
		BF2C454A2A4B3EBA00D48C36 /* PBXTargetDependency */ = {
			isa = PBXTargetDependency;
			target = BF2C45332A4B3EB900D48C36 /* BobbysCounter */;
			targetProxy = BF2C45492A4B3EBA00D48C36 /* PBXContainerItemProxy */;
		};
		BF2C45542A4B3EBA00D48C36 /* PBXTargetDependency */ = {
			isa = PBXTargetDependency;
			target = BF2C45332A4B3EB900D48C36 /* BobbysCounter */;
			targetProxy = BF2C45532A4B3EBA00D48C36 /* PBXContainerItemProxy */;
		};
		BFF55EC12A57315100EE0B3A /* PBXTargetDependency */ = {
			isa = PBXTargetDependency;
			target = BFF55EB32A57314E00EE0B3A /* BobbysCounterWidget */;
			targetProxy = BFF55EC02A57315100EE0B3A /* PBXContainerItemProxy */;
		};
/* End PBXTargetDependency section */

/* Begin XCBuildConfiguration section */
		BF2C455A2A4B3EBA00D48C36 /* Debug configuration for PBXProject "BobbysCounter" */ = {
			isa = XCBuildConfiguration;
			buildSettings = {
				ALWAYS_SEARCH_USER_PATHS = NO;
				ASSETCATALOG_COMPILER_APPICON_NAME = "";
				ASSETCATALOG_COMPILER_GENERATE_SWIFT_ASSET_SYMBOL_EXTENSIONS = YES;
				CLANG_ANALYZER_LOCALIZABILITY_NONLOCALIZED = YES;
				CLANG_ANALYZER_NONNULL = YES;
				CLANG_ANALYZER_NUMBER_OBJECT_CONVERSION = YES_AGGRESSIVE;
				CLANG_CXX_LANGUAGE_STANDARD = "gnu++20";
				CLANG_ENABLE_MODULES = YES;
				CLANG_ENABLE_OBJC_ARC = YES;
				CLANG_ENABLE_OBJC_WEAK = YES;
				CLANG_WARN_BLOCK_CAPTURE_AUTORELEASING = YES;
				CLANG_WARN_BOOL_CONVERSION = YES;
				CLANG_WARN_COMMA = YES;
				CLANG_WARN_CONSTANT_CONVERSION = YES;
				CLANG_WARN_DEPRECATED_OBJC_IMPLEMENTATIONS = YES;
				CLANG_WARN_DIRECT_OBJC_ISA_USAGE = YES_ERROR;
				CLANG_WARN_DOCUMENTATION_COMMENTS = YES;
				CLANG_WARN_EMPTY_BODY = YES;
				CLANG_WARN_ENUM_CONVERSION = YES;
				CLANG_WARN_INFINITE_RECURSION = YES;
				CLANG_WARN_INT_CONVERSION = YES;
				CLANG_WARN_NON_LITERAL_NULL_CONVERSION = YES;
				CLANG_WARN_OBJC_IMPLICIT_RETAIN_SELF = YES;
				CLANG_WARN_OBJC_LITERAL_CONVERSION = YES;
				CLANG_WARN_OBJC_ROOT_CLASS = YES_ERROR;
				CLANG_WARN_QUOTED_INCLUDE_IN_FRAMEWORK_HEADER = YES;
				CLANG_WARN_RANGE_LOOP_ANALYSIS = YES;
				CLANG_WARN_STRICT_PROTOTYPES = YES;
				CLANG_WARN_SUSPICIOUS_MOVE = YES;
				CLANG_WARN_UNGUARDED_AVAILABILITY = YES_AGGRESSIVE;
				CLANG_WARN_UNREACHABLE_CODE = YES;
				CLANG_WARN__DUPLICATE_METHOD_MATCH = YES;
				CODE_SIGN_IDENTITY = "Apple Development";
				CODE_SIGN_STYLE = Automatic;
				COPY_PHASE_STRIP = NO;
				DEAD_CODE_STRIPPING = YES;
				DEBUG_INFORMATION_FORMAT = dwarf;
				DEVELOPMENT_TEAM = 94JQJE3TWJ;
				ENABLE_STRICT_OBJC_MSGSEND = YES;
				ENABLE_TESTABILITY = YES;
				ENABLE_USER_SCRIPT_SANDBOXING = NO;
				GCC_C_LANGUAGE_STANDARD = gnu17;
				GCC_DYNAMIC_NO_PIC = NO;
				GCC_NO_COMMON_BLOCKS = YES;
				GCC_OPTIMIZATION_LEVEL = 0;
				GCC_PREPROCESSOR_DEFINITIONS = (
					"DEBUG=1",
					"$(inherited)",
				);
				GCC_WARN_64_TO_32_BIT_CONVERSION = YES;
				GCC_WARN_ABOUT_RETURN_TYPE = YES_ERROR;
				GCC_WARN_UNDECLARED_SELECTOR = YES;
				GCC_WARN_UNINITIALIZED_AUTOS = YES_AGGRESSIVE;
				GCC_WARN_UNUSED_FUNCTION = YES;
				GCC_WARN_UNUSED_VARIABLE = YES;
				GENERATE_INFOPLIST_FILE = YES;
				GENERATE_PKGINFO_FILE = YES;
				INFOPLIST_FILE = "";
				INFOPLIST_KEY_CFBundleDisplayName = BobbysCounter;
				INFOPLIST_KEY_LSApplicationCategoryType = "public.app-category.lifestyle";
				IPHONEOS_DEPLOYMENT_TARGET = 26.0;
				LOCALIZATION_PREFERS_STRING_CATALOGS = YES;
				MACOSX_DEPLOYMENT_TARGET = "";
				MTL_ENABLE_DEBUG_INFO = INCLUDE_SOURCE;
				MTL_FAST_MATH = YES;
				ONLY_ACTIVE_ARCH = YES;
				STRING_CATALOG_GENERATE_SYMBOLS = YES;
				SWIFT_ACTIVE_COMPILATION_CONDITIONS = "DEBUG $(inherited)";
				SWIFT_OPTIMIZATION_LEVEL = "-Onone";
				SWIFT_STRICT_CONCURRENCY = "$(SWIFT_STRICT_CONCURRENCY_DEFAULT)";
				SWIFT_VERSION = 6.0;
			};
			name = Debug;
		};
		BF2C455B2A4B3EBA00D48C36 /* Release configuration for PBXProject "BobbysCounter" */ = {
			isa = XCBuildConfiguration;
			buildSettings = {
				ALWAYS_SEARCH_USER_PATHS = NO;
				ASSETCATALOG_COMPILER_APPICON_NAME = "";
				ASSETCATALOG_COMPILER_GENERATE_SWIFT_ASSET_SYMBOL_EXTENSIONS = YES;
				CLANG_ANALYZER_LOCALIZABILITY_NONLOCALIZED = YES;
				CLANG_ANALYZER_NONNULL = YES;
				CLANG_ANALYZER_NUMBER_OBJECT_CONVERSION = YES_AGGRESSIVE;
				CLANG_CXX_LANGUAGE_STANDARD = "gnu++20";
				CLANG_ENABLE_MODULES = YES;
				CLANG_ENABLE_OBJC_ARC = YES;
				CLANG_ENABLE_OBJC_WEAK = YES;
				CLANG_WARN_BLOCK_CAPTURE_AUTORELEASING = YES;
				CLANG_WARN_BOOL_CONVERSION = YES;
				CLANG_WARN_COMMA = YES;
				CLANG_WARN_CONSTANT_CONVERSION = YES;
				CLANG_WARN_DEPRECATED_OBJC_IMPLEMENTATIONS = YES;
				CLANG_WARN_DIRECT_OBJC_ISA_USAGE = YES_ERROR;
				CLANG_WARN_DOCUMENTATION_COMMENTS = YES;
				CLANG_WARN_EMPTY_BODY = YES;
				CLANG_WARN_ENUM_CONVERSION = YES;
				CLANG_WARN_INFINITE_RECURSION = YES;
				CLANG_WARN_INT_CONVERSION = YES;
				CLANG_WARN_NON_LITERAL_NULL_CONVERSION = YES;
				CLANG_WARN_OBJC_IMPLICIT_RETAIN_SELF = YES;
				CLANG_WARN_OBJC_LITERAL_CONVERSION = YES;
				CLANG_WARN_OBJC_ROOT_CLASS = YES_ERROR;
				CLANG_WARN_QUOTED_INCLUDE_IN_FRAMEWORK_HEADER = YES;
				CLANG_WARN_RANGE_LOOP_ANALYSIS = YES;
				CLANG_WARN_STRICT_PROTOTYPES = YES;
				CLANG_WARN_SUSPICIOUS_MOVE = YES;
				CLANG_WARN_UNGUARDED_AVAILABILITY = YES_AGGRESSIVE;
				CLANG_WARN_UNREACHABLE_CODE = YES;
				CLANG_WARN__DUPLICATE_METHOD_MATCH = YES;
				CODE_SIGN_IDENTITY = "Apple Development";
				CODE_SIGN_STYLE = Automatic;
				COPY_PHASE_STRIP = NO;
				DEAD_CODE_STRIPPING = YES;
				DEBUG_INFORMATION_FORMAT = "dwarf-with-dsym";
				DEVELOPMENT_TEAM = 94JQJE3TWJ;
				ENABLE_NS_ASSERTIONS = NO;
				ENABLE_STRICT_OBJC_MSGSEND = YES;
				ENABLE_USER_SCRIPT_SANDBOXING = NO;
				GCC_C_LANGUAGE_STANDARD = gnu17;
				GCC_NO_COMMON_BLOCKS = YES;
				GCC_WARN_64_TO_32_BIT_CONVERSION = YES;
				GCC_WARN_ABOUT_RETURN_TYPE = YES_ERROR;
				GCC_WARN_UNDECLARED_SELECTOR = YES;
				GCC_WARN_UNINITIALIZED_AUTOS = YES_AGGRESSIVE;
				GCC_WARN_UNUSED_FUNCTION = YES;
				GCC_WARN_UNUSED_VARIABLE = YES;
				GENERATE_INFOPLIST_FILE = YES;
				GENERATE_PKGINFO_FILE = YES;
				INFOPLIST_FILE = "";
				INFOPLIST_KEY_CFBundleDisplayName = BobbysCounter;
				INFOPLIST_KEY_LSApplicationCategoryType = "public.app-category.lifestyle";
				IPHONEOS_DEPLOYMENT_TARGET = 26.0;
				LOCALIZATION_PREFERS_STRING_CATALOGS = YES;
				MACOSX_DEPLOYMENT_TARGET = "";
				MTL_ENABLE_DEBUG_INFO = NO;
				MTL_FAST_MATH = YES;
				STRING_CATALOG_GENERATE_SYMBOLS = YES;
				SWIFT_COMPILATION_MODE = wholemodule;
				SWIFT_STRICT_CONCURRENCY = "$(SWIFT_STRICT_CONCURRENCY_DEFAULT)";
				SWIFT_VERSION = 6.0;
			};
			name = Release;
		};
		BF2C455D2A4B3EBA00D48C36 /* Debug configuration for PBXNativeTarget "BobbysCounter" */ = {
			isa = XCBuildConfiguration;
			buildSettings = {
				ASSETCATALOG_COMPILER_APPICON_NAME = AppIcon;
				ASSETCATALOG_COMPILER_GLOBAL_ACCENT_COLOR_NAME = AccentColor;
				CODE_SIGN_ENTITLEMENTS = BobbysCounter/Resource/BobbysCounter.entitlements;
				CODE_SIGN_IDENTITY = "Apple Development";
				CODE_SIGN_STYLE = Automatic;
				CURRENT_PROJECT_VERSION = 1;
				DEAD_CODE_STRIPPING = YES;
				DEVELOPMENT_ASSET_PATHS = "\"BobbysCounter\"";
				ENABLE_APP_SANDBOX = YES;
				ENABLE_HARDENED_RUNTIME = YES;
				ENABLE_PREVIEWS = YES;
				ENABLE_USER_SELECTED_FILES = readonly;
				GENERATE_INFOPLIST_FILE = YES;
				GENERATE_PKGINFO_FILE = YES;
				INFOPLIST_FILE = BobbysCounter/Resource/Info.plist;
				INFOPLIST_KEY_CFBundleDisplayName = BobbysCounter;
				INFOPLIST_KEY_LSApplicationCategoryType = "public.app-category.lifestyle";
				"INFOPLIST_KEY_UIApplicationSceneManifest_Generation[sdk=iphoneos*]" = YES;
				"INFOPLIST_KEY_UIApplicationSceneManifest_Generation[sdk=iphonesimulator*]" = YES;
				"INFOPLIST_KEY_UIApplicationSupportsIndirectInputEvents[sdk=iphoneos*]" = YES;
				"INFOPLIST_KEY_UIApplicationSupportsIndirectInputEvents[sdk=iphonesimulator*]" = YES;
				"INFOPLIST_KEY_UILaunchScreen_Generation[sdk=iphoneos*]" = YES;
				"INFOPLIST_KEY_UILaunchScreen_Generation[sdk=iphonesimulator*]" = YES;
				"INFOPLIST_KEY_UIStatusBarStyle[sdk=iphoneos*]" = UIStatusBarStyleDefault;
				"INFOPLIST_KEY_UIStatusBarStyle[sdk=iphonesimulator*]" = UIStatusBarStyleDefault;
				INFOPLIST_KEY_UISupportedInterfaceOrientations_iPad = "UIInterfaceOrientationPortrait UIInterfaceOrientationPortraitUpsideDown UIInterfaceOrientationLandscapeLeft UIInterfaceOrientationLandscapeRight";
				INFOPLIST_KEY_UISupportedInterfaceOrientations_iPhone = "UIInterfaceOrientationPortrait UIInterfaceOrientationLandscapeLeft UIInterfaceOrientationLandscapeRight";
				IPHONEOS_DEPLOYMENT_TARGET = 26.0;
				LD_RUNPATH_SEARCH_PATHS = "@executable_path/Frameworks";
				"LD_RUNPATH_SEARCH_PATHS[sdk=macosx*]" = "@executable_path/../Frameworks";
				MACOSX_DEPLOYMENT_TARGET = 11.0;
				MARKETING_VERSION = 1.0;
				ONLY_ACTIVE_ARCH = YES;
				PRODUCT_BUNDLE_IDENTIFIER = com.burakerol.BobbysCounter;
				PRODUCT_NAME = "$(TARGET_NAME)";
				PROVISIONING_PROFILE_SPECIFIER = "";
				SDKROOT = auto;
				SUPPORTED_PLATFORMS = "iphoneos iphonesimulator";
				SUPPORTS_MACCATALYST = NO;
				SWIFT_EMIT_LOC_STRINGS = YES;
				SWIFT_VERSION = 6.0;
				TARGETED_DEVICE_FAMILY = "1,2";
				TVOS_DEPLOYMENT_TARGET = "";
				WATCHOS_DEPLOYMENT_TARGET = "";
				XROS_DEPLOYMENT_TARGET = "";
			};
			name = Debug;
		};
		BF2C455E2A4B3EBA00D48C36 /* Release configuration for PBXNativeTarget "BobbysCounter" */ = {
			isa = XCBuildConfiguration;
			buildSettings = {
				ASSETCATALOG_COMPILER_APPICON_NAME = AppIcon;
				ASSETCATALOG_COMPILER_GLOBAL_ACCENT_COLOR_NAME = AccentColor;
				CODE_SIGN_ENTITLEMENTS = BobbysCounter/Resource/BobbysCounter.entitlements;
				CODE_SIGN_IDENTITY = "Apple Development";
				CODE_SIGN_STYLE = Automatic;
				CURRENT_PROJECT_VERSION = 1;
				DEAD_CODE_STRIPPING = YES;
				DEVELOPMENT_ASSET_PATHS = "\"BobbysCounter\"";
				ENABLE_APP_SANDBOX = YES;
				ENABLE_HARDENED_RUNTIME = YES;
				ENABLE_PREVIEWS = YES;
				ENABLE_USER_SELECTED_FILES = readonly;
				GENERATE_INFOPLIST_FILE = YES;
				GENERATE_PKGINFO_FILE = YES;
				INFOPLIST_FILE = BobbysCounter/Resource/Info.plist;
				INFOPLIST_KEY_CFBundleDisplayName = BobbysCounter;
				INFOPLIST_KEY_LSApplicationCategoryType = "public.app-category.lifestyle";
				"INFOPLIST_KEY_UIApplicationSceneManifest_Generation[sdk=iphoneos*]" = YES;
				"INFOPLIST_KEY_UIApplicationSceneManifest_Generation[sdk=iphonesimulator*]" = YES;
				"INFOPLIST_KEY_UIApplicationSupportsIndirectInputEvents[sdk=iphoneos*]" = YES;
				"INFOPLIST_KEY_UIApplicationSupportsIndirectInputEvents[sdk=iphonesimulator*]" = YES;
				"INFOPLIST_KEY_UILaunchScreen_Generation[sdk=iphoneos*]" = YES;
				"INFOPLIST_KEY_UILaunchScreen_Generation[sdk=iphonesimulator*]" = YES;
				"INFOPLIST_KEY_UIStatusBarStyle[sdk=iphoneos*]" = UIStatusBarStyleDefault;
				"INFOPLIST_KEY_UIStatusBarStyle[sdk=iphonesimulator*]" = UIStatusBarStyleDefault;
				INFOPLIST_KEY_UISupportedInterfaceOrientations_iPad = "UIInterfaceOrientationPortrait UIInterfaceOrientationPortraitUpsideDown UIInterfaceOrientationLandscapeLeft UIInterfaceOrientationLandscapeRight";
				INFOPLIST_KEY_UISupportedInterfaceOrientations_iPhone = "UIInterfaceOrientationPortrait UIInterfaceOrientationLandscapeLeft UIInterfaceOrientationLandscapeRight";
				IPHONEOS_DEPLOYMENT_TARGET = 26.0;
				LD_RUNPATH_SEARCH_PATHS = "@executable_path/Frameworks";
				"LD_RUNPATH_SEARCH_PATHS[sdk=macosx*]" = "@executable_path/../Frameworks";
				MACOSX_DEPLOYMENT_TARGET = 11.0;
				MARKETING_VERSION = 1.0;
				PRODUCT_BUNDLE_IDENTIFIER = com.burakerol.BobbysCounter;
				PRODUCT_NAME = "$(TARGET_NAME)";
				PROVISIONING_PROFILE_SPECIFIER = "";
				SDKROOT = auto;
				SUPPORTED_PLATFORMS = "iphoneos iphonesimulator";
				SUPPORTS_MACCATALYST = NO;
				SWIFT_EMIT_LOC_STRINGS = YES;
				SWIFT_VERSION = 6.0;
				TARGETED_DEVICE_FAMILY = "1,2";
				TVOS_DEPLOYMENT_TARGET = "";
				WATCHOS_DEPLOYMENT_TARGET = "";
				XROS_DEPLOYMENT_TARGET = "";
			};
			name = Release;
		};
		BF2C45602A4B3EBA00D48C36 /* Debug configuration for PBXNativeTarget "BobbysCounterTests" */ = {
			isa = XCBuildConfiguration;
			buildSettings = {
				BUNDLE_LOADER = "$(TEST_HOST)";
				CODE_SIGN_IDENTITY = "Apple Development";
				CODE_SIGN_STYLE = Automatic;
				CURRENT_PROJECT_VERSION = 1;
				DEAD_CODE_STRIPPING = YES;
				GENERATE_INFOPLIST_FILE = YES;
				GENERATE_PKGINFO_FILE = YES;
				INFOPLIST_FILE = "";
				IPHONEOS_DEPLOYMENT_TARGET = 26.0;
				MACOSX_DEPLOYMENT_TARGET = 11.0;
				MARKETING_VERSION = 1.0;
				PRODUCT_BUNDLE_IDENTIFIER = com.burakerol.BobbysCounter.BobbysCounterTests;
				PRODUCT_NAME = "$(TARGET_NAME)";
				PROVISIONING_PROFILE_SPECIFIER = "";
				SDKROOT = auto;
				SUPPORTED_PLATFORMS = "iphoneos iphonesimulator";
				SUPPORTS_MACCATALYST = NO;
				SUPPORTS_MAC_DESIGNED_FOR_IPHONE_IPAD = NO;
				SUPPORTS_XR_DESIGNED_FOR_IPHONE_IPAD = NO;
				SWIFT_EMIT_LOC_STRINGS = NO;
				SWIFT_VERSION = 6.0;
				TARGETED_DEVICE_FAMILY = "1,2";
				TEST_HOST = "$(BUILT_PRODUCTS_DIR)/BobbysCounter.app/$(BUNDLE_EXECUTABLE_FOLDER_PATH)/BobbysCounter";
				TVOS_DEPLOYMENT_TARGET = "";
				WATCHOS_DEPLOYMENT_TARGET = "";
				XROS_DEPLOYMENT_TARGET = "";
			};
			name = Debug;
		};
		BF2C45612A4B3EBA00D48C36 /* Release configuration for PBXNativeTarget "BobbysCounterTests" */ = {
			isa = XCBuildConfiguration;
			buildSettings = {
				BUNDLE_LOADER = "$(TEST_HOST)";
				CODE_SIGN_IDENTITY = "Apple Development";
				CODE_SIGN_STYLE = Automatic;
				CURRENT_PROJECT_VERSION = 1;
				DEAD_CODE_STRIPPING = YES;
				GENERATE_INFOPLIST_FILE = YES;
				GENERATE_PKGINFO_FILE = YES;
				INFOPLIST_FILE = "";
				IPHONEOS_DEPLOYMENT_TARGET = 26.0;
				MACOSX_DEPLOYMENT_TARGET = 11.0;
				MARKETING_VERSION = 1.0;
				PRODUCT_BUNDLE_IDENTIFIER = com.burakerol.BobbysCounter.BobbysCounterTests;
				PRODUCT_NAME = "$(TARGET_NAME)";
				PROVISIONING_PROFILE_SPECIFIER = "";
				SDKROOT = auto;
				SUPPORTED_PLATFORMS = "iphoneos iphonesimulator";
				SUPPORTS_MACCATALYST = NO;
				SUPPORTS_MAC_DESIGNED_FOR_IPHONE_IPAD = NO;
				SUPPORTS_XR_DESIGNED_FOR_IPHONE_IPAD = NO;
				SWIFT_EMIT_LOC_STRINGS = NO;
				SWIFT_VERSION = 6.0;
				TARGETED_DEVICE_FAMILY = "1,2";
				TEST_HOST = "$(BUILT_PRODUCTS_DIR)/BobbysCounter.app/$(BUNDLE_EXECUTABLE_FOLDER_PATH)/BobbysCounter";
				TVOS_DEPLOYMENT_TARGET = "";
				WATCHOS_DEPLOYMENT_TARGET = "";
				XROS_DEPLOYMENT_TARGET = "";
			};
			name = Release;
		};
		BF2C45632A4B3EBA00D48C36 /* Debug configuration for PBXNativeTarget "BobbysCounterUITests" */ = {
			isa = XCBuildConfiguration;
			buildSettings = {
				CODE_SIGN_IDENTITY = "Apple Development";
				CODE_SIGN_STYLE = Automatic;
				CURRENT_PROJECT_VERSION = 1;
				DEAD_CODE_STRIPPING = YES;
				GENERATE_INFOPLIST_FILE = YES;
				GENERATE_PKGINFO_FILE = YES;
				INFOPLIST_FILE = "";
				INFOPLIST_OUTPUT_FORMAT = "same-as-input";
				IPHONEOS_DEPLOYMENT_TARGET = 26.0;
				MACOSX_DEPLOYMENT_TARGET = 11.0;
				MARKETING_VERSION = 1.0;
				PLIST_FILE_OUTPUT_FORMAT = "same-as-input";
				PRODUCT_BUNDLE_IDENTIFIER = com.burakerol.BobbysCounter.BobbysCounterUITests;
				PRODUCT_NAME = "$(TARGET_NAME)";
				PROVISIONING_PROFILE_SPECIFIER = "";
				SDKROOT = auto;
				STRINGS_FILE_OUTPUT_ENCODING = "UTF-16";
				SUPPORTED_PLATFORMS = "iphoneos iphonesimulator";
				SUPPORTS_MACCATALYST = NO;
				SUPPORTS_MAC_DESIGNED_FOR_IPHONE_IPAD = NO;
				SUPPORTS_XR_DESIGNED_FOR_IPHONE_IPAD = NO;
				SWIFT_EMIT_LOC_STRINGS = NO;
				SWIFT_VERSION = 6.0;
				TARGETED_DEVICE_FAMILY = "1,2";
				TEST_TARGET_NAME = BobbysCounter;
				TVOS_DEPLOYMENT_TARGET = "";
				WATCHOS_DEPLOYMENT_TARGET = "";
				XROS_DEPLOYMENT_TARGET = "";
			};
			name = Debug;
		};
		BF2C45642A4B3EBA00D48C36 /* Release configuration for PBXNativeTarget "BobbysCounterUITests" */ = {
			isa = XCBuildConfiguration;
			buildSettings = {
				CODE_SIGN_IDENTITY = "Apple Development";
				CODE_SIGN_STYLE = Automatic;
				CURRENT_PROJECT_VERSION = 1;
				DEAD_CODE_STRIPPING = YES;
				GENERATE_INFOPLIST_FILE = YES;
				GENERATE_PKGINFO_FILE = YES;
				INFOPLIST_FILE = "";
				INFOPLIST_OUTPUT_FORMAT = "same-as-input";
				IPHONEOS_DEPLOYMENT_TARGET = 26.0;
				MACOSX_DEPLOYMENT_TARGET = 11.0;
				MARKETING_VERSION = 1.0;
				PLIST_FILE_OUTPUT_FORMAT = "same-as-input";
				PRODUCT_BUNDLE_IDENTIFIER = com.burakerol.BobbysCounter.BobbysCounterUITests;
				PRODUCT_NAME = "$(TARGET_NAME)";
				PROVISIONING_PROFILE_SPECIFIER = "";
				SDKROOT = auto;
				STRINGS_FILE_OUTPUT_ENCODING = "UTF-16";
				SUPPORTED_PLATFORMS = "iphoneos iphonesimulator";
				SUPPORTS_MACCATALYST = NO;
				SUPPORTS_MAC_DESIGNED_FOR_IPHONE_IPAD = NO;
				SUPPORTS_XR_DESIGNED_FOR_IPHONE_IPAD = NO;
				SWIFT_EMIT_LOC_STRINGS = NO;
				SWIFT_VERSION = 6.0;
				TARGETED_DEVICE_FAMILY = "1,2";
				TEST_TARGET_NAME = BobbysCounter;
				TVOS_DEPLOYMENT_TARGET = "";
				WATCHOS_DEPLOYMENT_TARGET = "";
				XROS_DEPLOYMENT_TARGET = "";
			};
			name = Release;
		};
		BFF55EC42A57315100EE0B3A /* Debug configuration for PBXNativeTarget "BobbysCounterWidget" */ = {
			isa = XCBuildConfiguration;
			buildSettings = {
				ASSETCATALOG_COMPILER_GLOBAL_ACCENT_COLOR_NAME = AccentColor;
				ASSETCATALOG_COMPILER_WIDGET_BACKGROUND_COLOR_NAME = WidgetBackground;
				CODE_SIGN_ENTITLEMENTS = BobbysCounter/Resource/BobbysCounter.entitlements;
				CODE_SIGN_IDENTITY = "Apple Development";
				CODE_SIGN_STYLE = Automatic;
				CURRENT_PROJECT_VERSION = 1;
				ENABLE_APP_SANDBOX = YES;
				GENERATE_INFOPLIST_FILE = YES;
				GENERATE_PKGINFO_FILE = YES;
				INFOPLIST_FILE = BobbysCounterWidget/Resource/Info.plist;
				INFOPLIST_KEY_CFBundleDisplayName = BobbysCounter;
				INFOPLIST_KEY_NSHumanReadableCopyright = "";
				INFOPLIST_OUTPUT_FORMAT = "same-as-input";
				IPHONEOS_DEPLOYMENT_TARGET = 26.0;
				LD_RUNPATH_SEARCH_PATHS = (
					"$(inherited)",
					"@executable_path/Frameworks",
					"@executable_path/../../Frameworks",
				);
				MACOSX_DEPLOYMENT_TARGET = 11.0;
				MARKETING_VERSION = 1.0;
				ONLY_ACTIVE_ARCH = YES;
				PLIST_FILE_OUTPUT_FORMAT = "same-as-input";
				PRODUCT_BUNDLE_IDENTIFIER = com.burakerol.BobbysCounter.BobbysCounterWidget;
				PRODUCT_NAME = "$(TARGET_NAME)";
				PROVISIONING_PROFILE_SPECIFIER = "";
				SDKROOT = iphoneos;
				SKIP_INSTALL = YES;
				STRINGS_FILE_OUTPUT_ENCODING = "UTF-16";
				SUPPORTED_PLATFORMS = "iphoneos iphonesimulator";
				SUPPORTS_MACCATALYST = NO;
				SUPPORTS_MAC_DESIGNED_FOR_IPHONE_IPAD = NO;
				SUPPORTS_XR_DESIGNED_FOR_IPHONE_IPAD = NO;
				SWIFT_EMIT_LOC_STRINGS = YES;
				SWIFT_VERSION = 6.0;
				TARGETED_DEVICE_FAMILY = "1,2";
				TVOS_DEPLOYMENT_TARGET = "";
				WATCHOS_DEPLOYMENT_TARGET = "";
				XROS_DEPLOYMENT_TARGET = "";
			};
			name = Debug;
		};
		BFF55EC52A57315100EE0B3A /* Release configuration for PBXNativeTarget "BobbysCounterWidget" */ = {
			isa = XCBuildConfiguration;
			buildSettings = {
				ASSETCATALOG_COMPILER_GLOBAL_ACCENT_COLOR_NAME = AccentColor;
				ASSETCATALOG_COMPILER_WIDGET_BACKGROUND_COLOR_NAME = WidgetBackground;
				CODE_SIGN_ENTITLEMENTS = BobbysCounter/Resource/BobbysCounter.entitlements;
				CODE_SIGN_IDENTITY = "Apple Development";
				CODE_SIGN_STYLE = Automatic;
				CURRENT_PROJECT_VERSION = 1;
				ENABLE_APP_SANDBOX = YES;
				GENERATE_INFOPLIST_FILE = YES;
				GENERATE_PKGINFO_FILE = YES;
				INFOPLIST_FILE = BobbysCounterWidget/Resource/Info.plist;
				INFOPLIST_KEY_CFBundleDisplayName = BobbysCounter;
				INFOPLIST_KEY_NSHumanReadableCopyright = "";
				INFOPLIST_OUTPUT_FORMAT = "same-as-input";
				IPHONEOS_DEPLOYMENT_TARGET = 26.0;
				LD_RUNPATH_SEARCH_PATHS = (
					"$(inherited)",
					"@executable_path/Frameworks",
					"@executable_path/../../Frameworks",
				);
				MACOSX_DEPLOYMENT_TARGET = 11.0;
				MARKETING_VERSION = 1.0;
				ONLY_ACTIVE_ARCH = NO;
				PLIST_FILE_OUTPUT_FORMAT = "same-as-input";
				PRODUCT_BUNDLE_IDENTIFIER = com.burakerol.BobbysCounter.BobbysCounterWidget;
				PRODUCT_NAME = "$(TARGET_NAME)";
				PROVISIONING_PROFILE_SPECIFIER = "";
				SDKROOT = iphoneos;
				SKIP_INSTALL = YES;
				STRINGS_FILE_OUTPUT_ENCODING = "UTF-16";
				SUPPORTED_PLATFORMS = "iphoneos iphonesimulator";
				SUPPORTS_MACCATALYST = NO;
				SUPPORTS_MAC_DESIGNED_FOR_IPHONE_IPAD = NO;
				SUPPORTS_XR_DESIGNED_FOR_IPHONE_IPAD = NO;
				SWIFT_EMIT_LOC_STRINGS = YES;
				SWIFT_VERSION = 6.0;
				TARGETED_DEVICE_FAMILY = "1,2";
				TVOS_DEPLOYMENT_TARGET = "";
				VALIDATE_PRODUCT = YES;
				WATCHOS_DEPLOYMENT_TARGET = "";
				XROS_DEPLOYMENT_TARGET = "";
			};
			name = Release;
		};
/* End XCBuildConfiguration section */

/* Begin XCConfigurationList section */
		BF2C452F2A4B3EB900D48C36 /* Build configuration list for PBXProject "BobbysCounter" */ = {
			isa = XCConfigurationList;
			buildConfigurations = (
				BF2C455A2A4B3EBA00D48C36 /* Debug configuration for PBXProject "BobbysCounter" */,
				BF2C455B2A4B3EBA00D48C36 /* Release configuration for PBXProject "BobbysCounter" */,
			);
			defaultConfigurationName = Release;
		};
		BF2C455C2A4B3EBA00D48C36 /* Build configuration list for PBXNativeTarget "BobbysCounter" */ = {
			isa = XCConfigurationList;
			buildConfigurations = (
				BF2C455D2A4B3EBA00D48C36 /* Debug configuration for PBXNativeTarget "BobbysCounter" */,
				BF2C455E2A4B3EBA00D48C36 /* Release configuration for PBXNativeTarget "BobbysCounter" */,
			);
			defaultConfigurationName = Release;
		};
		BF2C455F2A4B3EBA00D48C36 /* Build configuration list for PBXNativeTarget "BobbysCounterTests" */ = {
			isa = XCConfigurationList;
			buildConfigurations = (
				BF2C45602A4B3EBA00D48C36 /* Debug configuration for PBXNativeTarget "BobbysCounterTests" */,
				BF2C45612A4B3EBA00D48C36 /* Release configuration for PBXNativeTarget "BobbysCounterTests" */,
			);
			defaultConfigurationName = Release;
		};
		BF2C45622A4B3EBA00D48C36 /* Build configuration list for PBXNativeTarget "BobbysCounterUITests" */ = {
			isa = XCConfigurationList;
			buildConfigurations = (
				BF2C45632A4B3EBA00D48C36 /* Debug configuration for PBXNativeTarget "BobbysCounterUITests" */,
				BF2C45642A4B3EBA00D48C36 /* Release configuration for PBXNativeTarget "BobbysCounterUITests" */,
			);
			defaultConfigurationName = Release;
		};
		BFF55EC32A57315100EE0B3A /* Build configuration list for PBXNativeTarget "BobbysCounterWidget" */ = {
			isa = XCConfigurationList;
			buildConfigurations = (
				BFF55EC42A57315100EE0B3A /* Debug configuration for PBXNativeTarget "BobbysCounterWidget" */,
				BFF55EC52A57315100EE0B3A /* Release configuration for PBXNativeTarget "BobbysCounterWidget" */,
			);
			defaultConfigurationName = Release;
		};
/* End XCConfigurationList section */
	};
	rootObject = BF2C452C2A4B3EB900D48C36 /* Project object */;
}
