// !$*UTF8*$!
{
	archiveVersion = 1;
	classes = {
	};
	objectVersion = 60;
	objects = {

/* Begin PBXBuildFile section */
		BF2C45382A4B3EB900D48C36 /* BobbysCounterApp.swift in Sources */ = {isa = PBXBuildFile; fileRef = BF2C45372A4B3EB900D48C36 /* BobbysCounterApp.swift */; };
		BF2C453A2A4B3EB900D48C36 /* Counter.swift in Sources */ = {isa = PBXBuildFile; fileRef = BF2C45392A4B3EB900D48C36 /* Counter.swift */; };
		BF2C453C2A4B3EB900D48C36 /* ContentView.swift in Sources */ = {isa = PBXBuildFile; fileRef = BF2C453B2A4B3EB900D48C36 /* ContentView.swift */; };
		BF2C453E2A4B3EB900D48C36 /* Assets.xcassets in Resources */ = {isa = PBXBuildFile; fileRef = BF2C453D2A4B3EB900D48C36 /* Assets.xcassets */; };
		BF2C45572A4B3EBA00D48C36 /* BobbysCounterUITests.swift in Sources */ = {isa = PBXBuildFile; fileRef = BF2C45562A4B3EBA00D48C36 /* BobbysCounterUITests.swift */; };
		BF2C45592A4B3EBA00D48C36 /* BobbysCounterUITestsLaunchTests.swift in Sources */ = {isa = PBXBuildFile; fileRef = BF2C45582A4B3EBA00D48C36 /* BobbysCounterUITestsLaunchTests.swift */; };
		BF5A26282A6E7E1600B47FD4 /* ContentViewTests.swift in Sources */ = {isa = PBXBuildFile; fileRef = BF5A26272A6E7E1600B47FD4 /* ContentViewTests.swift */; };
		BF5A262B2A6E8D6100B47FD4 /* SettingsViewTests.swift in Sources */ = {isa = PBXBuildFile; fileRef = BF5A262A2A6E8D6100B47FD4 /* SettingsViewTests.swift */; };
		BF6048B22A6C231F00B4D119 /* ContentViewModelTests.swift in Sources */ = {isa = PBXBuildFile; fileRef = BF6048B12A6C231F00B4D119 /* ContentViewModelTests.swift */; };
		BF67A3E92A716DC70081616C /* CounterIntent.swift in Sources */ = {isa = PBXBuildFile; fileRef = BF67A3E82A716DC70081616C /* CounterIntent.swift */; };
		BF6D1DA12A6603CA00264753 /* Constants.swift in Sources */ = {isa = PBXBuildFile; fileRef = BF6D1DA02A6603CA00264753 /* Constants.swift */; };
		BFA156F62A850D9200DFD37D /* CounterSelected.swift in Sources */ = {isa = PBXBuildFile; fileRef = BFA156F52A850D9200DFD37D /* CounterSelected.swift */; };
		BFB702AC2A605631001AADE9 /* Localizable.xcstrings in Resources */ = {isa = PBXBuildFile; fileRef = BFB702AB2A605631001AADE9 /* Localizable.xcstrings */; };
		BFB702B22A605AD7001AADE9 /* ContentViewModel.swift in Sources */ = {isa = PBXBuildFile; fileRef = BFB702B12A605AD7001AADE9 /* ContentViewModel.swift */; };
		BFB702B32A605D1F001AADE9 /* Localizable.xcstrings in Resources */ = {isa = PBXBuildFile; fileRef = BFB702AB2A605631001AADE9 /* Localizable.xcstrings */; };
		BFB86DA52A66AD630092EAEC /* SettingsView.swift in Sources */ = {isa = PBXBuildFile; fileRef = BFB86DA42A66AD630092EAEC /* SettingsView.swift */; };
		BFB86DA72A66ADC90092EAEC /* SettingsViewModel.swift in Sources */ = {isa = PBXBuildFile; fileRef = BFB86DA62A66ADC90092EAEC /* SettingsViewModel.swift */; };
		BFB86DA92A66C9060092EAEC /* DataController.swift in Sources */ = {isa = PBXBuildFile; fileRef = BFB86DA82A66C9060092EAEC /* DataController.swift */; };
		BFB86DAA2A66C9060092EAEC /* DataController.swift in Sources */ = {isa = PBXBuildFile; fileRef = BFB86DA82A66C9060092EAEC /* DataController.swift */; };
		BFB86DAF2A66E0D90092EAEC /* BobbysCounterWidgetEntryView.swift in Sources */ = {isa = PBXBuildFile; fileRef = BFB86DAD2A66E0D90092EAEC /* BobbysCounterWidgetEntryView.swift */; };
		BFB86DB22A66E1690092EAEC /* BobbysCounterWidgetEntry.swift in Sources */ = {isa = PBXBuildFile; fileRef = BFB86DB02A66E1690092EAEC /* BobbysCounterWidgetEntry.swift */; };
		BFB86DB62A66E22A0092EAEC /* BobbysCounterWidgetProvider.swift in Sources */ = {isa = PBXBuildFile; fileRef = BFB86DB42A66E22A0092EAEC /* BobbysCounterWidgetProvider.swift */; };
		BFC0AF4C2A6C8B3B0037A2B7 /* SettingsViewModelTests.swift in Sources */ = {isa = PBXBuildFile; fileRef = BFC0AF4B2A6C8B3B0037A2B7 /* SettingsViewModelTests.swift */; };
		BFDCAEE12AA240C3004B0316 /* Counter.swift in Sources */ = {isa = PBXBuildFile; fileRef = BF2C45392A4B3EB900D48C36 /* Counter.swift */; };
		BFDCAEFA2AA28E79004B0316 /* Constants.swift in Sources */ = {isa = PBXBuildFile; fileRef = BF6D1DA02A6603CA00264753 /* Constants.swift */; };
		BFDF3C852A61ACEF001E4076 /* DecreaseIntent.swift in Sources */ = {isa = PBXBuildFile; fileRef = BFDF3C812A61A7FA001E4076 /* DecreaseIntent.swift */; };
		BFDF3C862A61ACF3001E4076 /* IncreaseIntent.swift in Sources */ = {isa = PBXBuildFile; fileRef = BFDF3C832A61A84D001E4076 /* IncreaseIntent.swift */; };
		BFE12E802A65857C001960F6 /* Assets.xcassets in Resources */ = {isa = PBXBuildFile; fileRef = BF2C453D2A4B3EB900D48C36 /* Assets.xcassets */; };
		BFE12E842A65D1C9001960F6 /* Date+Extensions.swift in Sources */ = {isa = PBXBuildFile; fileRef = BFE12E832A65D1C9001960F6 /* Date+Extensions.swift */; };
		BFE12E852A65D1DE001960F6 /* Date+Extensions.swift in Sources */ = {isa = PBXBuildFile; fileRef = BFE12E832A65D1C9001960F6 /* Date+Extensions.swift */; };
		BFF55EBA2A57314E00EE0B3A /* BobbysCounterWidgetBundle.swift in Sources */ = {isa = PBXBuildFile; fileRef = BFF55EB92A57314E00EE0B3A /* BobbysCounterWidgetBundle.swift */; };
		BFF55EBC2A57314E00EE0B3A /* BobbysCounterWidget.swift in Sources */ = {isa = PBXBuildFile; fileRef = BFF55EBB2A57314E00EE0B3A /* BobbysCounterWidget.swift */; };
		BFF55EC22A57315100EE0B3A /* BobbysCounterWidget.appex in Embed Foundation Extensions */ = {isa = PBXBuildFile; fileRef = BFF55EB42A57314E00EE0B3A /* BobbysCounterWidget.appex */; settings = {ATTRIBUTES = (RemoveHeadersOnCopy, ); }; };
/* End PBXBuildFile section */

/* Begin PBXContainerItemProxy section */
		BF2C45492A4B3EBA00D48C36 /* PBXContainerItemProxy */ = {
			isa = PBXContainerItemProxy;
			containerPortal = BF2C452C2A4B3EB900D48C36 /* Project object */;
			proxyType = 1;
			remoteGlobalIDString = BF2C45332A4B3EB900D48C36;
			remoteInfo = BobbysCounter;
		};
		BF2C45532A4B3EBA00D48C36 /* PBXContainerItemProxy */ = {
			isa = PBXContainerItemProxy;
			containerPortal = BF2C452C2A4B3EB900D48C36 /* Project object */;
			proxyType = 1;
			remoteGlobalIDString = BF2C45332A4B3EB900D48C36;
			remoteInfo = BobbysCounter;
		};
		BFF55EC02A57315100EE0B3A /* PBXContainerItemProxy */ = {
			isa = PBXContainerItemProxy;
			containerPortal = BF2C452C2A4B3EB900D48C36 /* Project object */;
			proxyType = 1;
			remoteGlobalIDString = BFF55EB32A57314E00EE0B3A;
			remoteInfo = BobbysCounterWidgetExtension;
		};
/* End PBXContainerItemProxy section */

/* Begin PBXCopyFilesBuildPhase section */
		BFF55E972A572B8D00EE0B3A /* Embed Foundation Extensions */ = {
			isa = PBXCopyFilesBuildPhase;
			buildActionMask = 2147483647;
			dstPath = "";
			dstSubfolderSpec = 13;
			files = (
				BFF55EC22A57315100EE0B3A /* BobbysCounterWidget.appex in Embed Foundation Extensions */,
			);
			name = "Embed Foundation Extensions";
			runOnlyForDeploymentPostprocessing = 0;
		};
/* End PBXCopyFilesBuildPhase section */

/* Begin PBXFileReference section */
		BF2C45342A4B3EB900D48C36 /* BobbysCounter.app */ = {isa = PBXFileReference; explicitFileType = wrapper.application; includeInIndex = 0; path = BobbysCounter.app; sourceTree = BUILT_PRODUCTS_DIR; };
		BF2C45372A4B3EB900D48C36 /* BobbysCounterApp.swift */ = {isa = PBXFileReference; lastKnownFileType = sourcecode.swift; path = BobbysCounterApp.swift; sourceTree = "<group>"; };
		BF2C45392A4B3EB900D48C36 /* Counter.swift */ = {isa = PBXFileReference; lastKnownFileType = sourcecode.swift; path = Counter.swift; sourceTree = "<group>"; };
		BF2C453B2A4B3EB900D48C36 /* ContentView.swift */ = {isa = PBXFileReference; lastKnownFileType = sourcecode.swift; path = ContentView.swift; sourceTree = "<group>"; };
		BF2C453D2A4B3EB900D48C36 /* Assets.xcassets */ = {isa = PBXFileReference; lastKnownFileType = folder.assetcatalog; path = Assets.xcassets; sourceTree = "<group>"; };
		BF2C45482A4B3EBA00D48C36 /* BobbysCounterTests.xctest */ = {isa = PBXFileReference; explicitFileType = wrapper.cfbundle; includeInIndex = 0; path = BobbysCounterTests.xctest; sourceTree = BUILT_PRODUCTS_DIR; };
		BF2C45522A4B3EBA00D48C36 /* BobbysCounterUITests.xctest */ = {isa = PBXFileReference; explicitFileType = wrapper.cfbundle; includeInIndex = 0; path = BobbysCounterUITests.xctest; sourceTree = BUILT_PRODUCTS_DIR; };
		BF2C45562A4B3EBA00D48C36 /* BobbysCounterUITests.swift */ = {isa = PBXFileReference; lastKnownFileType = sourcecode.swift; path = BobbysCounterUITests.swift; sourceTree = "<group>"; };
		BF2C45582A4B3EBA00D48C36 /* BobbysCounterUITestsLaunchTests.swift */ = {isa = PBXFileReference; lastKnownFileType = sourcecode.swift; path = BobbysCounterUITestsLaunchTests.swift; sourceTree = "<group>"; };
		BF5A26272A6E7E1600B47FD4 /* ContentViewTests.swift */ = {isa = PBXFileReference; lastKnownFileType = sourcecode.swift; path = ContentViewTests.swift; sourceTree = "<group>"; };
		BF5A262A2A6E8D6100B47FD4 /* SettingsViewTests.swift */ = {isa = PBXFileReference; lastKnownFileType = sourcecode.swift; path = SettingsViewTests.swift; sourceTree = "<group>"; };
		BF6048B12A6C231F00B4D119 /* ContentViewModelTests.swift */ = {isa = PBXFileReference; lastKnownFileType = sourcecode.swift; path = ContentViewModelTests.swift; sourceTree = "<group>"; };
		BF6048B62A6C292300B4D119 /* Tests.xctestplan */ = {isa = PBXFileReference; lastKnownFileType = text; path = Tests.xctestplan; sourceTree = "<group>"; };
		BF67A3E82A716DC70081616C /* CounterIntent.swift */ = {isa = PBXFileReference; lastKnownFileType = sourcecode.swift; path = CounterIntent.swift; sourceTree = "<group>"; };
		BF6D1DA02A6603CA00264753 /* Constants.swift */ = {isa = PBXFileReference; lastKnownFileType = sourcecode.swift; path = Constants.swift; sourceTree = "<group>"; };
		BF7C46762A6B04CC00CA47D1 /* BobbysCounter.entitlements */ = {isa = PBXFileReference; lastKnownFileType = text.plist.entitlements; path = BobbysCounter.entitlements; sourceTree = "<group>"; };
		BFA156F52A850D9200DFD37D /* CounterSelected.swift */ = {isa = PBXFileReference; lastKnownFileType = sourcecode.swift; path = CounterSelected.swift; sourceTree = "<group>"; };
		BFB702AB2A605631001AADE9 /* Localizable.xcstrings */ = {isa = PBXFileReference; lastKnownFileType = text.json.xcstrings; path = Localizable.xcstrings; sourceTree = "<group>"; };
		BFB702B12A605AD7001AADE9 /* ContentViewModel.swift */ = {isa = PBXFileReference; lastKnownFileType = sourcecode.swift; path = ContentViewModel.swift; sourceTree = "<group>"; };
		BFB86DA42A66AD630092EAEC /* SettingsView.swift */ = {isa = PBXFileReference; lastKnownFileType = sourcecode.swift; path = SettingsView.swift; sourceTree = "<group>"; };
		BFB86DA62A66ADC90092EAEC /* SettingsViewModel.swift */ = {isa = PBXFileReference; lastKnownFileType = sourcecode.swift; path = SettingsViewModel.swift; sourceTree = "<group>"; };
		BFB86DA82A66C9060092EAEC /* DataController.swift */ = {isa = PBXFileReference; lastKnownFileType = sourcecode.swift; path = DataController.swift; sourceTree = "<group>"; };
		BFB86DAD2A66E0D90092EAEC /* BobbysCounterWidgetEntryView.swift */ = {isa = PBXFileReference; lastKnownFileType = sourcecode.swift; path = BobbysCounterWidgetEntryView.swift; sourceTree = "<group>"; };
		BFB86DB02A66E1690092EAEC /* BobbysCounterWidgetEntry.swift */ = {isa = PBXFileReference; lastKnownFileType = sourcecode.swift; path = BobbysCounterWidgetEntry.swift; sourceTree = "<group>"; };
		BFB86DB42A66E22A0092EAEC /* BobbysCounterWidgetProvider.swift */ = {isa = PBXFileReference; lastKnownFileType = sourcecode.swift; path = BobbysCounterWidgetProvider.swift; sourceTree = "<group>"; };
		BFC0AF4B2A6C8B3B0037A2B7 /* SettingsViewModelTests.swift */ = {isa = PBXFileReference; lastKnownFileType = sourcecode.swift; path = SettingsViewModelTests.swift; sourceTree = "<group>"; };
		BFDF3C812A61A7FA001E4076 /* DecreaseIntent.swift */ = {isa = PBXFileReference; lastKnownFileType = sourcecode.swift; path = DecreaseIntent.swift; sourceTree = "<group>"; };
		BFDF3C832A61A84D001E4076 /* IncreaseIntent.swift */ = {isa = PBXFileReference; lastKnownFileType = sourcecode.swift; path = IncreaseIntent.swift; sourceTree = "<group>"; };
		BFE12E832A65D1C9001960F6 /* Date+Extensions.swift */ = {isa = PBXFileReference; lastKnownFileType = sourcecode.swift; path = "Date+Extensions.swift"; sourceTree = "<group>"; };
		BFF55EB42A57314E00EE0B3A /* BobbysCounterWidget.appex */ = {isa = PBXFileReference; explicitFileType = "wrapper.app-extension"; includeInIndex = 0; path = BobbysCounterWidget.appex; sourceTree = BUILT_PRODUCTS_DIR; };
		BFF55EB92A57314E00EE0B3A /* BobbysCounterWidgetBundle.swift */ = {isa = PBXFileReference; lastKnownFileType = sourcecode.swift; path = BobbysCounterWidgetBundle.swift; sourceTree = "<group>"; };
		BFF55EBB2A57314E00EE0B3A /* BobbysCounterWidget.swift */ = {isa = PBXFileReference; lastKnownFileType = sourcecode.swift; path = BobbysCounterWidget.swift; sourceTree = "<group>"; };
		BFF55EBF2A57315100EE0B3A /* Info.plist */ = {isa = PBXFileReference; lastKnownFileType = text.plist.xml; path = Info.plist; sourceTree = "<group>"; };
/* End PBXFileReference section */

/* Begin PBXFrameworksBuildPhase section */
		BF2C45312A4B3EB900D48C36 /* Frameworks */ = {
			isa = PBXFrameworksBuildPhase;
			buildActionMask = 2147483647;
			files = (
			);
			runOnlyForDeploymentPostprocessing = 0;
		};
		BF2C45452A4B3EBA00D48C36 /* Frameworks */ = {
			isa = PBXFrameworksBuildPhase;
			buildActionMask = 2147483647;
			files = (
			);
			runOnlyForDeploymentPostprocessing = 0;
		};
		BF2C454F2A4B3EBA00D48C36 /* Frameworks */ = {
			isa = PBXFrameworksBuildPhase;
			buildActionMask = 2147483647;
			files = (
			);
			runOnlyForDeploymentPostprocessing = 0;
		};
		BFF55EB12A57314E00EE0B3A /* Frameworks */ = {
			isa = PBXFrameworksBuildPhase;
			buildActionMask = 2147483647;
			files = (
			);
			runOnlyForDeploymentPostprocessing = 0;
		};
/* End PBXFrameworksBuildPhase section */

/* Begin PBXGroup section */
		BF071D232A6C09AB001F1258 /* Resource */ = {
			isa = PBXGroup;
			children = (
				BF2C453D2A4B3EB900D48C36 /* Assets.xcassets */,
				BF7C46762A6B04CC00CA47D1 /* BobbysCounter.entitlements */,
				BFF55EBF2A57315100EE0B3A /* Info.plist */,
				BFB702AB2A605631001AADE9 /* Localizable.xcstrings */,
				BF6048B62A6C292300B4D119 /* Tests.xctestplan */,
			);
			path = Resource;
			sourceTree = "<group>";
		};
		BF2C452B2A4B3EB900D48C36 = {
			isa = PBXGroup;
			children = (
				BF2C45362A4B3EB900D48C36 /* BobbysCounter */,
				BF2C454B2A4B3EBA00D48C36 /* BobbysCounterTests */,
				BF2C45552A4B3EBA00D48C36 /* BobbysCounterUITests */,
				BFF55EB82A57314E00EE0B3A /* BobbysCounterWidget */,
				BF2C45352A4B3EB900D48C36 /* Products */,
			);
			sourceTree = "<group>";
		};
		BF2C45352A4B3EB900D48C36 /* Products */ = {
			isa = PBXGroup;
			children = (
				BF2C45342A4B3EB900D48C36 /* BobbysCounter.app */,
				BF2C45482A4B3EBA00D48C36 /* BobbysCounterTests.xctest */,
				BF2C45522A4B3EBA00D48C36 /* BobbysCounterUITests.xctest */,
				BFF55EB42A57314E00EE0B3A /* BobbysCounterWidget.appex */,
			);
			name = Products;
			sourceTree = "<group>";
		};
		BF2C45362A4B3EB900D48C36 /* BobbysCounter */ = {
			isa = PBXGroup;
			children = (
				BFDCAEF92AA28ABF004B0316 /* App */,
				BFDCAEE02AA240B5004B0316 /* Data */,
				BF6D1DA22A66048D00264753 /* Extension */,
				BFA156F72A851C3A00DFD37D /* Domain */,
				BF2C45662A4B532700D48C36 /* Presentation */,
				BF071D232A6C09AB001F1258 /* Resource */,
			);
			path = BobbysCounter;
			sourceTree = "<group>";
		};
		BF2C454B2A4B3EBA00D48C36 /* BobbysCounterTests */ = {
			isa = PBXGroup;
			children = (
				BF6048B12A6C231F00B4D119 /* ContentViewModelTests.swift */,
				BFC0AF4B2A6C8B3B0037A2B7 /* SettingsViewModelTests.swift */,
			);
			path = BobbysCounterTests;
			sourceTree = "<group>";
		};
		BF2C45552A4B3EBA00D48C36 /* BobbysCounterUITests */ = {
			isa = PBXGroup;
			children = (
				BF2C45562A4B3EBA00D48C36 /* BobbysCounterUITests.swift */,
				BF2C45582A4B3EBA00D48C36 /* BobbysCounterUITestsLaunchTests.swift */,
				BF5A26272A6E7E1600B47FD4 /* ContentViewTests.swift */,
				BF5A262A2A6E8D6100B47FD4 /* SettingsViewTests.swift */,
			);
			path = BobbysCounterUITests;
			sourceTree = "<group>";
		};
		BF2C45662A4B532700D48C36 /* Presentation */ = {
			isa = PBXGroup;
			children = (
				BF2C453B2A4B3EB900D48C36 /* ContentView.swift */,
				BFB702B12A605AD7001AADE9 /* ContentViewModel.swift */,
				BFB86DA42A66AD630092EAEC /* SettingsView.swift */,
				BFB86DA62A66ADC90092EAEC /* SettingsViewModel.swift */,
			);
			path = Presentation;
			sourceTree = "<group>";
		};
		BF6D1DA22A66048D00264753 /* Extension */ = {
			isa = PBXGroup;
			children = (
				BFE12E832A65D1C9001960F6 /* Date+Extensions.swift */,
			);
			path = Extension;
			sourceTree = "<group>";
		};
		BFA156F72A851C3A00DFD37D /* Domain */ = {
			isa = PBXGroup;
			children = (
				BFA156F52A850D9200DFD37D /* CounterSelected.swift */,
			);
			path = Domain;
			sourceTree = "<group>";
		};
		BFB86DAC2A66CC110092EAEC /* Presentation */ = {
			isa = PBXGroup;
			children = (
				BFF55EBB2A57314E00EE0B3A /* BobbysCounterWidget.swift */,
				BFF55EB92A57314E00EE0B3A /* BobbysCounterWidgetBundle.swift */,
				BFB86DB02A66E1690092EAEC /* BobbysCounterWidgetEntry.swift */,
				BFB86DAD2A66E0D90092EAEC /* BobbysCounterWidgetEntryView.swift */,
				BFB86DB42A66E22A0092EAEC /* BobbysCounterWidgetProvider.swift */,
			);
			path = Presentation;
			sourceTree = "<group>";
		};
		BFDCAEE02AA240B5004B0316 /* Data */ = {
			isa = PBXGroup;
			children = (
				BF2C45392A4B3EB900D48C36 /* Counter.swift */,
				BFB86DA82A66C9060092EAEC /* DataController.swift */,
			);
			path = Data;
			sourceTree = "<group>";
		};
		BFDCAEF92AA28ABF004B0316 /* App */ = {
			isa = PBXGroup;
			children = (
				BF2C45372A4B3EB900D48C36 /* BobbysCounterApp.swift */,
				BF6D1DA02A6603CA00264753 /* Constants.swift */,
			);
			path = App;
			sourceTree = "<group>";
		};
		BFDF3C802A61A7D2001E4076 /* Intents */ = {
			isa = PBXGroup;
			children = (
				BF67A3E82A716DC70081616C /* CounterIntent.swift */,
				BFDF3C812A61A7FA001E4076 /* DecreaseIntent.swift */,
				BFDF3C832A61A84D001E4076 /* IncreaseIntent.swift */,
			);
			path = Intents;
			sourceTree = "<group>";
		};
		BFF55EB82A57314E00EE0B3A /* BobbysCounterWidget */ = {
			isa = PBXGroup;
			children = (
				BFDF3C802A61A7D2001E4076 /* Intents */,
				BFB86DAC2A66CC110092EAEC /* Presentation */,
			);
			path = BobbysCounterWidget;
			sourceTree = "<group>";
		};
/* End PBXGroup section */

/* Begin PBXNativeTarget section */
		BF2C45332A4B3EB900D48C36 /* BobbysCounter */ = {
			isa = PBXNativeTarget;
			buildConfigurationList = BF2C455C2A4B3EBA00D48C36 /* Build configuration list for PBXNativeTarget "BobbysCounter" */;
			buildPhases = (
				BF2C45302A4B3EB900D48C36 /* Sources */,
				BF2C45312A4B3EB900D48C36 /* Frameworks */,
				BF2C45322A4B3EB900D48C36 /* Resources */,
				BFF55E972A572B8D00EE0B3A /* Embed Foundation Extensions */,
			);
			buildRules = (
			);
			dependencies = (
				BFF55EC12A57315100EE0B3A /* PBXTargetDependency */,
			);
			name = BobbysCounter;
			productName = BobbysCounter;
			productReference = BF2C45342A4B3EB900D48C36 /* BobbysCounter.app */;
			productType = "com.apple.product-type.application";
		};
		BF2C45472A4B3EBA00D48C36 /* BobbysCounterTests */ = {
			isa = PBXNativeTarget;
			buildConfigurationList = BF2C455F2A4B3EBA00D48C36 /* Build configuration list for PBXNativeTarget "BobbysCounterTests" */;
			buildPhases = (
				BF2C45442A4B3EBA00D48C36 /* Sources */,
				BF2C45452A4B3EBA00D48C36 /* Frameworks */,
				BF2C45462A4B3EBA00D48C36 /* Resources */,
			);
			buildRules = (
			);
			dependencies = (
				BF2C454A2A4B3EBA00D48C36 /* PBXTargetDependency */,
			);
			name = BobbysCounterTests;
			productName = BobbysCounterTests;
			productReference = BF2C45482A4B3EBA00D48C36 /* BobbysCounterTests.xctest */;
			productType = "com.apple.product-type.bundle.unit-test";
		};
		BF2C45512A4B3EBA00D48C36 /* BobbysCounterUITests */ = {
			isa = PBXNativeTarget;
			buildConfigurationList = BF2C45622A4B3EBA00D48C36 /* Build configuration list for PBXNativeTarget "BobbysCounterUITests" */;
			buildPhases = (
				BF2C454E2A4B3EBA00D48C36 /* Sources */,
				BF2C454F2A4B3EBA00D48C36 /* Frameworks */,
				BF2C45502A4B3EBA00D48C36 /* Resources */,
			);
			buildRules = (
			);
			dependencies = (
				BF2C45542A4B3EBA00D48C36 /* PBXTargetDependency */,
			);
			name = BobbysCounterUITests;
			productName = BobbysCounterUITests;
			productReference = BF2C45522A4B3EBA00D48C36 /* BobbysCounterUITests.xctest */;
			productType = "com.apple.product-type.bundle.ui-testing";
		};
		BFF55EB32A57314E00EE0B3A /* BobbysCounterWidget */ = {
			isa = PBXNativeTarget;
			buildConfigurationList = BFF55EC32A57315100EE0B3A /* Build configuration list for PBXNativeTarget "BobbysCounterWidget" */;
			buildPhases = (
				BFF55EB02A57314E00EE0B3A /* Sources */,
				BFF55EB12A57314E00EE0B3A /* Frameworks */,
				BFF55EB22A57314E00EE0B3A /* Resources */,
			);
			buildRules = (
			);
			dependencies = (
			);
			name = BobbysCounterWidget;
			productName = BobbysCounterWidgetExtension;
			productReference = BFF55EB42A57314E00EE0B3A /* BobbysCounterWidget.appex */;
			productType = "com.apple.product-type.app-extension";
		};
/* End PBXNativeTarget section */

/* Begin PBXProject section */
		BF2C452C2A4B3EB900D48C36 /* Project object */ = {
			isa = PBXProject;
			attributes = {
				BuildIndependentTargetsInParallel = 1;
				LastSwiftUpdateCheck = 1500;
				LastUpgradeCheck = 1500;
				TargetAttributes = {
					BF2C45332A4B3EB900D48C36 = {
						CreatedOnToolsVersion = 15.0;
					};
					BF2C45472A4B3EBA00D48C36 = {
						CreatedOnToolsVersion = 15.0;
						TestTargetID = BF2C45332A4B3EB900D48C36;
					};
					BF2C45512A4B3EBA00D48C36 = {
						CreatedOnToolsVersion = 15.0;
						TestTargetID = BF2C45332A4B3EB900D48C36;
					};
					BFF55EB32A57314E00EE0B3A = {
						CreatedOnToolsVersion = 15.0;
					};
				};
			};
			buildConfigurationList = BF2C452F2A4B3EB900D48C36 /* Build configuration list for PBXProject "BobbysCounter" */;
			compatibilityVersion = "Xcode 15.0";
			developmentRegion = en;
			hasScannedForEncodings = 0;
			knownRegions = (
				en,
				Base,
				de,
			);
			mainGroup = BF2C452B2A4B3EB900D48C36;
			productRefGroup = BF2C45352A4B3EB900D48C36 /* Products */;
			projectDirPath = "";
			projectRoot = "";
			targets = (
				BF2C45332A4B3EB900D48C36 /* BobbysCounter */,
				BF2C45472A4B3EBA00D48C36 /* BobbysCounterTests */,
				BF2C45512A4B3EBA00D48C36 /* BobbysCounterUITests */,
				BFF55EB32A57314E00EE0B3A /* BobbysCounterWidget */,
			);
		};
/* End PBXProject section */

/* Begin PBXResourcesBuildPhase section */
		BF2C45322A4B3EB900D48C36 /* Resources */ = {
			isa = PBXResourcesBuildPhase;
			buildActionMask = 2147483647;
			files = (
				BF2C453E2A4B3EB900D48C36 /* Assets.xcassets in Resources */,
				BFB702AC2A605631001AADE9 /* Localizable.xcstrings in Resources */,
			);
			runOnlyForDeploymentPostprocessing = 0;
		};
		BF2C45462A4B3EBA00D48C36 /* Resources */ = {
			isa = PBXResourcesBuildPhase;
			buildActionMask = 2147483647;
			files = (
			);
			runOnlyForDeploymentPostprocessing = 0;
		};
		BF2C45502A4B3EBA00D48C36 /* Resources */ = {
			isa = PBXResourcesBuildPhase;
			buildActionMask = 2147483647;
			files = (
			);
			runOnlyForDeploymentPostprocessing = 0;
		};
		BFF55EB22A57314E00EE0B3A /* Resources */ = {
			isa = PBXResourcesBuildPhase;
			buildActionMask = 2147483647;
			files = (
				BFB702B32A605D1F001AADE9 /* Localizable.xcstrings in Resources */,
				BFE12E802A65857C001960F6 /* Assets.xcassets in Resources */,
			);
			runOnlyForDeploymentPostprocessing = 0;
		};
/* End PBXResourcesBuildPhase section */

/* Begin PBXSourcesBuildPhase section */
		BF2C45302A4B3EB900D48C36 /* Sources */ = {
			isa = PBXSourcesBuildPhase;
			buildActionMask = 2147483647;
			files = (
				BFA156F62A850D9200DFD37D /* CounterSelected.swift in Sources */,
				BFB86DA52A66AD630092EAEC /* SettingsView.swift in Sources */,
				BF6D1DA12A6603CA00264753 /* Constants.swift in Sources */,
				BFE12E842A65D1C9001960F6 /* Date+Extensions.swift in Sources */,
				BFB702B22A605AD7001AADE9 /* ContentViewModel.swift in Sources */,
				BF2C453A2A4B3EB900D48C36 /* Counter.swift in Sources */,
				BF2C45382A4B3EB900D48C36 /* BobbysCounterApp.swift in Sources */,
				BF2C453C2A4B3EB900D48C36 /* ContentView.swift in Sources */,
				BFB86DA72A66ADC90092EAEC /* SettingsViewModel.swift in Sources */,
				BFB86DA92A66C9060092EAEC /* DataController.swift in Sources */,
			);
			runOnlyForDeploymentPostprocessing = 0;
		};
		BF2C45442A4B3EBA00D48C36 /* Sources */ = {
			isa = PBXSourcesBuildPhase;
			buildActionMask = 2147483647;
			files = (
				BF6048B22A6C231F00B4D119 /* ContentViewModelTests.swift in Sources */,
				BFC0AF4C2A6C8B3B0037A2B7 /* SettingsViewModelTests.swift in Sources */,
			);
			runOnlyForDeploymentPostprocessing = 0;
		};
		BF2C454E2A4B3EBA00D48C36 /* Sources */ = {
			isa = PBXSourcesBuildPhase;
			buildActionMask = 2147483647;
			files = (
				BF5A26282A6E7E1600B47FD4 /* ContentViewTests.swift in Sources */,
				BF5A262B2A6E8D6100B47FD4 /* SettingsViewTests.swift in Sources */,
				BF2C45592A4B3EBA00D48C36 /* BobbysCounterUITestsLaunchTests.swift in Sources */,
				BF2C45572A4B3EBA00D48C36 /* BobbysCounterUITests.swift in Sources */,
			);
			runOnlyForDeploymentPostprocessing = 0;
		};
		BFF55EB02A57314E00EE0B3A /* Sources */ = {
			isa = PBXSourcesBuildPhase;
			buildActionMask = 2147483647;
			files = (
				BFB86DB22A66E1690092EAEC /* BobbysCounterWidgetEntry.swift in Sources */,
				BFB86DAF2A66E0D90092EAEC /* BobbysCounterWidgetEntryView.swift in Sources */,
				BFF55EBA2A57314E00EE0B3A /* BobbysCounterWidgetBundle.swift in Sources */,
				BFF55EBC2A57314E00EE0B3A /* BobbysCounterWidget.swift in Sources */,
				BFDF3C862A61ACF3001E4076 /* IncreaseIntent.swift in Sources */,
				BFB86DAA2A66C9060092EAEC /* DataController.swift in Sources */,
				BFE12E852A65D1DE001960F6 /* Date+Extensions.swift in Sources */,
				BFB86DB62A66E22A0092EAEC /* BobbysCounterWidgetProvider.swift in Sources */,
				BFDCAEE12AA240C3004B0316 /* Counter.swift in Sources */,
				BFDF3C852A61ACEF001E4076 /* DecreaseIntent.swift in Sources */,
				BF67A3E92A716DC70081616C /* CounterIntent.swift in Sources */,
				BFDCAEFA2AA28E79004B0316 /* Constants.swift in Sources */,
			);
			runOnlyForDeploymentPostprocessing = 0;
		};
/* End PBXSourcesBuildPhase section */

/* Begin PBXTargetDependency section */
		BF2C454A2A4B3EBA00D48C36 /* PBXTargetDependency */ = {
			isa = PBXTargetDependency;
			target = BF2C45332A4B3EB900D48C36 /* BobbysCounter */;
			targetProxy = BF2C45492A4B3EBA00D48C36 /* PBXContainerItemProxy */;
		};
		BF2C45542A4B3EBA00D48C36 /* PBXTargetDependency */ = {
			isa = PBXTargetDependency;
			target = BF2C45332A4B3EB900D48C36 /* BobbysCounter */;
			targetProxy = BF2C45532A4B3EBA00D48C36 /* PBXContainerItemProxy */;
		};
		BFF55EC12A57315100EE0B3A /* PBXTargetDependency */ = {
			isa = PBXTargetDependency;
			target = BFF55EB32A57314E00EE0B3A /* BobbysCounterWidget */;
			targetProxy = BFF55EC02A57315100EE0B3A /* PBXContainerItemProxy */;
		};
/* End PBXTargetDependency section */

/* Begin XCBuildConfiguration section */
		BF2C455A2A4B3EBA00D48C36 /* Debug */ = {
			isa = XCBuildConfiguration;
			buildSettings = {
				ALWAYS_SEARCH_USER_PATHS = NO;
				ASSETCATALOG_COMPILER_GENERATE_SWIFT_ASSET_SYMBOL_EXTENSIONS = YES;
				CLANG_ANALYZER_NONNULL = YES;
				CLANG_ANALYZER_NUMBER_OBJECT_CONVERSION = YES_AGGRESSIVE;
				CLANG_CXX_LANGUAGE_STANDARD = "gnu++20";
				CLANG_ENABLE_MODULES = YES;
				CLANG_ENABLE_OBJC_ARC = YES;
				CLANG_ENABLE_OBJC_WEAK = YES;
				CLANG_WARN_BLOCK_CAPTURE_AUTORELEASING = YES;
				CLANG_WARN_BOOL_CONVERSION = YES;
				CLANG_WARN_COMMA = YES;
				CLANG_WARN_CONSTANT_CONVERSION = YES;
				CLANG_WARN_DEPRECATED_OBJC_IMPLEMENTATIONS = YES;
				CLANG_WARN_DIRECT_OBJC_ISA_USAGE = YES_ERROR;
				CLANG_WARN_DOCUMENTATION_COMMENTS = YES;
				CLANG_WARN_EMPTY_BODY = YES;
				CLANG_WARN_ENUM_CONVERSION = YES;
				CLANG_WARN_INFINITE_RECURSION = YES;
				CLANG_WARN_INT_CONVERSION = YES;
				CLANG_WARN_NON_LITERAL_NULL_CONVERSION = YES;
				CLANG_WARN_OBJC_IMPLICIT_RETAIN_SELF = YES;
				CLANG_WARN_OBJC_LITERAL_CONVERSION = YES;
				CLANG_WARN_OBJC_ROOT_CLASS = YES_ERROR;
				CLANG_WARN_QUOTED_INCLUDE_IN_FRAMEWORK_HEADER = YES;
				CLANG_WARN_RANGE_LOOP_ANALYSIS = YES;
				CLANG_WARN_STRICT_PROTOTYPES = YES;
				CLANG_WARN_SUSPICIOUS_MOVE = YES;
				CLANG_WARN_UNGUARDED_AVAILABILITY = YES_AGGRESSIVE;
				CLANG_WARN_UNREACHABLE_CODE = YES;
				CLANG_WARN__DUPLICATE_METHOD_MATCH = YES;
				CODE_SIGN_IDENTITY = "Apple Development";
				CODE_SIGN_STYLE = Automatic;
				COPY_PHASE_STRIP = NO;
				DEBUG_INFORMATION_FORMAT = dwarf;
				ENABLE_STRICT_OBJC_MSGSEND = YES;
				ENABLE_TESTABILITY = YES;
				ENABLE_USER_SCRIPT_SANDBOXING = YES;
				GCC_C_LANGUAGE_STANDARD = gnu17;
				GCC_DYNAMIC_NO_PIC = NO;
				GCC_NO_COMMON_BLOCKS = YES;
				GCC_OPTIMIZATION_LEVEL = 0;
				GCC_PREPROCESSOR_DEFINITIONS = (
					"DEBUG=1",
					"$(inherited)",
				);
				GCC_WARN_64_TO_32_BIT_CONVERSION = YES;
				GCC_WARN_ABOUT_RETURN_TYPE = YES_ERROR;
				GCC_WARN_UNDECLARED_SELECTOR = YES;
				GCC_WARN_UNINITIALIZED_AUTOS = YES_AGGRESSIVE;
				GCC_WARN_UNUSED_FUNCTION = YES;
				GCC_WARN_UNUSED_VARIABLE = YES;
				GENERATE_INFOPLIST_FILE = YES;
				GENERATE_PKGINFO_FILE = YES;
				INFOPLIST_FILE = "";
				INFOPLIST_KEY_CFBundleDisplayName = BobbysCounter;
				INFOPLIST_KEY_LSApplicationCategoryType = "public.app-category.lifestyle";
				IPHONEOS_DEPLOYMENT_TARGET = 17.0;
				LOCALIZATION_PREFERS_STRING_CATALOGS = YES;
				MACOSX_DEPLOYMENT_TARGET = 14.0;
				MTL_ENABLE_DEBUG_INFO = INCLUDE_SOURCE;
				MTL_FAST_MATH = YES;
				ONLY_ACTIVE_ARCH = YES;
				SWIFT_ACTIVE_COMPILATION_CONDITIONS = "DEBUG $(inherited)";
				SWIFT_OPTIMIZATION_LEVEL = "-Onone";
			};
			name = Debug;
		};
		BF2C455B2A4B3EBA00D48C36 /* Release */ = {
			isa = XCBuildConfiguration;
			buildSettings = {
				ALWAYS_SEARCH_USER_PATHS = NO;
				ASSETCATALOG_COMPILER_GENERATE_SWIFT_ASSET_SYMBOL_EXTENSIONS = YES;
				CLANG_ANALYZER_NONNULL = YES;
				CLANG_ANALYZER_NUMBER_OBJECT_CONVERSION = YES_AGGRESSIVE;
				CLANG_CXX_LANGUAGE_STANDARD = "gnu++20";
				CLANG_ENABLE_MODULES = YES;
				CLANG_ENABLE_OBJC_ARC = YES;
				CLANG_ENABLE_OBJC_WEAK = YES;
				CLANG_WARN_BLOCK_CAPTURE_AUTORELEASING = YES;
				CLANG_WARN_BOOL_CONVERSION = YES;
				CLANG_WARN_COMMA = YES;
				CLANG_WARN_CONSTANT_CONVERSION = YES;
				CLANG_WARN_DEPRECATED_OBJC_IMPLEMENTATIONS = YES;
				CLANG_WARN_DIRECT_OBJC_ISA_USAGE = YES_ERROR;
				CLANG_WARN_DOCUMENTATION_COMMENTS = YES;
				CLANG_WARN_EMPTY_BODY = YES;
				CLANG_WARN_ENUM_CONVERSION = YES;
				CLANG_WARN_INFINITE_RECURSION = YES;
				CLANG_WARN_INT_CONVERSION = YES;
				CLANG_WARN_NON_LITERAL_NULL_CONVERSION = YES;
				CLANG_WARN_OBJC_IMPLICIT_RETAIN_SELF = YES;
				CLANG_WARN_OBJC_LITERAL_CONVERSION = YES;
				CLANG_WARN_OBJC_ROOT_CLASS = YES_ERROR;
				CLANG_WARN_QUOTED_INCLUDE_IN_FRAMEWORK_HEADER = YES;
				CLANG_WARN_RANGE_LOOP_ANALYSIS = YES;
				CLANG_WARN_STRICT_PROTOTYPES = YES;
				CLANG_WARN_SUSPICIOUS_MOVE = YES;
				CLANG_WARN_UNGUARDED_AVAILABILITY = YES_AGGRESSIVE;
				CLANG_WARN_UNREACHABLE_CODE = YES;
				CLANG_WARN__DUPLICATE_METHOD_MATCH = YES;
				CODE_SIGN_IDENTITY = "Apple Development";
				CODE_SIGN_STYLE = Automatic;
				COPY_PHASE_STRIP = NO;
				DEBUG_INFORMATION_FORMAT = "dwarf-with-dsym";
				ENABLE_NS_ASSERTIONS = NO;
				ENABLE_STRICT_OBJC_MSGSEND = YES;
				ENABLE_USER_SCRIPT_SANDBOXING = YES;
				GCC_C_LANGUAGE_STANDARD = gnu17;
				GCC_NO_COMMON_BLOCKS = YES;
				GCC_WARN_64_TO_32_BIT_CONVERSION = YES;
				GCC_WARN_ABOUT_RETURN_TYPE = YES_ERROR;
				GCC_WARN_UNDECLARED_SELECTOR = YES;
				GCC_WARN_UNINITIALIZED_AUTOS = YES_AGGRESSIVE;
				GCC_WARN_UNUSED_FUNCTION = YES;
				GCC_WARN_UNUSED_VARIABLE = YES;
				GENERATE_INFOPLIST_FILE = YES;
				GENERATE_PKGINFO_FILE = YES;
				INFOPLIST_FILE = "";
				INFOPLIST_KEY_CFBundleDisplayName = BobbysCounter;
				INFOPLIST_KEY_LSApplicationCategoryType = "public.app-category.lifestyle";
				IPHONEOS_DEPLOYMENT_TARGET = 17.0;
				LOCALIZATION_PREFERS_STRING_CATALOGS = YES;
				MACOSX_DEPLOYMENT_TARGET = 14.0;
				MTL_ENABLE_DEBUG_INFO = NO;
				MTL_FAST_MATH = YES;
				SWIFT_COMPILATION_MODE = wholemodule;
			};
			name = Release;
		};
		BF2C455D2A4B3EBA00D48C36 /* Debug */ = {
			isa = XCBuildConfiguration;
			buildSettings = {
				ALWAYS_EMBED_SWIFT_STANDARD_LIBRARIES = YES;
				ASSETCATALOG_COMPILER_APPICON_NAME = AppIcon;
				ASSETCATALOG_COMPILER_GLOBAL_ACCENT_COLOR_NAME = AccentColor;
				CODE_SIGN_ENTITLEMENTS = BobbysCounter/Resource/BobbysCounter.entitlements;
				CODE_SIGN_IDENTITY = "Apple Development";
				CODE_SIGN_STYLE = Automatic;
				CURRENT_PROJECT_VERSION = 1;
				DEVELOPMENT_ASSET_PATHS = "\"BobbysCounter\"";
				DEVELOPMENT_TEAM = 94JQJE3TWJ;
				ENABLE_PREVIEWS = YES;
				GENERATE_INFOPLIST_FILE = YES;
				GENERATE_PKGINFO_FILE = YES;
				INFOPLIST_FILE = BobbysCounter/Resource/Info.plist;
				INFOPLIST_KEY_CFBundleDisplayName = BobbysCounter;
				INFOPLIST_KEY_LSApplicationCategoryType = "public.app-category.lifestyle";
				"INFOPLIST_KEY_UIApplicationSceneManifest_Generation[sdk=iphoneos*]" = YES;
				"INFOPLIST_KEY_UIApplicationSceneManifest_Generation[sdk=iphonesimulator*]" = YES;
				"INFOPLIST_KEY_UIApplicationSupportsIndirectInputEvents[sdk=iphoneos*]" = YES;
				"INFOPLIST_KEY_UIApplicationSupportsIndirectInputEvents[sdk=iphonesimulator*]" = YES;
				"INFOPLIST_KEY_UILaunchScreen_Generation[sdk=iphoneos*]" = YES;
				"INFOPLIST_KEY_UILaunchScreen_Generation[sdk=iphonesimulator*]" = YES;
				"INFOPLIST_KEY_UIStatusBarStyle[sdk=iphoneos*]" = UIStatusBarStyleDefault;
				"INFOPLIST_KEY_UIStatusBarStyle[sdk=iphonesimulator*]" = UIStatusBarStyleDefault;
				INFOPLIST_KEY_UISupportedInterfaceOrientations_iPad = "UIInterfaceOrientationPortrait UIInterfaceOrientationPortraitUpsideDown UIInterfaceOrientationLandscapeLeft UIInterfaceOrientationLandscapeRight";
				INFOPLIST_KEY_UISupportedInterfaceOrientations_iPhone = "UIInterfaceOrientationPortrait UIInterfaceOrientationLandscapeLeft UIInterfaceOrientationLandscapeRight";
				IPHONEOS_DEPLOYMENT_TARGET = 17.0;
				LD_RUNPATH_SEARCH_PATHS = "@executable_path/Frameworks";
				"LD_RUNPATH_SEARCH_PATHS[sdk=macosx*]" = "@executable_path/../Frameworks";
				MACOSX_DEPLOYMENT_TARGET = 13.4;
				MARKETING_VERSION = 1.0;
				ONLY_ACTIVE_ARCH = YES;
				PRODUCT_BUNDLE_IDENTIFIER = com.burakerol.BobbysCounter;
				PRODUCT_NAME = "$(TARGET_NAME)";
				PROVISIONING_PROFILE_SPECIFIER = "";
				SDKROOT = auto;
				SUPPORTED_PLATFORMS = "iphoneos iphonesimulator";
				SUPPORTS_MACCATALYST = NO;
				SUPPORTS_MAC_DESIGNED_FOR_IPHONE_IPAD = NO;
				SUPPORTS_XR_DESIGNED_FOR_IPHONE_IPAD = NO;
				SWIFT_EMIT_LOC_STRINGS = YES;
				SWIFT_VERSION = 5.0;
				TARGETED_DEVICE_FAMILY = "1,2";
			};
			name = Debug;
		};
		BF2C455E2A4B3EBA00D48C36 /* Release */ = {
			isa = XCBuildConfiguration;
			buildSettings = {
				ALWAYS_EMBED_SWIFT_STANDARD_LIBRARIES = YES;
				ASSETCATALOG_COMPILER_APPICON_NAME = AppIcon;
				ASSETCATALOG_COMPILER_GLOBAL_ACCENT_COLOR_NAME = AccentColor;
				CODE_SIGN_ENTITLEMENTS = BobbysCounter/Resource/BobbysCounter.entitlements;
				CODE_SIGN_IDENTITY = "Apple Development";
				CODE_SIGN_STYLE = Automatic;
				CURRENT_PROJECT_VERSION = 1;
				DEVELOPMENT_ASSET_PATHS = "\"BobbysCounter\"";
				DEVELOPMENT_TEAM = 94JQJE3TWJ;
				ENABLE_PREVIEWS = YES;
				GENERATE_INFOPLIST_FILE = YES;
				GENERATE_PKGINFO_FILE = YES;
				INFOPLIST_FILE = BobbysCounter/Resource/Info.plist;
				INFOPLIST_KEY_CFBundleDisplayName = BobbysCounter;
				INFOPLIST_KEY_LSApplicationCategoryType = "public.app-category.lifestyle";
				"INFOPLIST_KEY_UIApplicationSceneManifest_Generation[sdk=iphoneos*]" = YES;
				"INFOPLIST_KEY_UIApplicationSceneManifest_Generation[sdk=iphonesimulator*]" = YES;
				"INFOPLIST_KEY_UIApplicationSupportsIndirectInputEvents[sdk=iphoneos*]" = YES;
				"INFOPLIST_KEY_UIApplicationSupportsIndirectInputEvents[sdk=iphonesimulator*]" = YES;
				"INFOPLIST_KEY_UILaunchScreen_Generation[sdk=iphoneos*]" = YES;
				"INFOPLIST_KEY_UILaunchScreen_Generation[sdk=iphonesimulator*]" = YES;
				"INFOPLIST_KEY_UIStatusBarStyle[sdk=iphoneos*]" = UIStatusBarStyleDefault;
				"INFOPLIST_KEY_UIStatusBarStyle[sdk=iphonesimulator*]" = UIStatusBarStyleDefault;
				INFOPLIST_KEY_UISupportedInterfaceOrientations_iPad = "UIInterfaceOrientationPortrait UIInterfaceOrientationPortraitUpsideDown UIInterfaceOrientationLandscapeLeft UIInterfaceOrientationLandscapeRight";
				INFOPLIST_KEY_UISupportedInterfaceOrientations_iPhone = "UIInterfaceOrientationPortrait UIInterfaceOrientationLandscapeLeft UIInterfaceOrientationLandscapeRight";
				IPHONEOS_DEPLOYMENT_TARGET = 17.0;
				LD_RUNPATH_SEARCH_PATHS = "@executable_path/Frameworks";
				"LD_RUNPATH_SEARCH_PATHS[sdk=macosx*]" = "@executable_path/../Frameworks";
				MACOSX_DEPLOYMENT_TARGET = 13.4;
				MARKETING_VERSION = 1.0;
				PRODUCT_BUNDLE_IDENTIFIER = com.burakerol.BobbysCounter;
				PRODUCT_NAME = "$(TARGET_NAME)";
				PROVISIONING_PROFILE_SPECIFIER = "";
				SDKROOT = auto;
				SUPPORTED_PLATFORMS = "iphoneos iphonesimulator";
				SUPPORTS_MACCATALYST = NO;
				SUPPORTS_MAC_DESIGNED_FOR_IPHONE_IPAD = NO;
				SUPPORTS_XR_DESIGNED_FOR_IPHONE_IPAD = NO;
				SWIFT_EMIT_LOC_STRINGS = YES;
				SWIFT_VERSION = 5.0;
				TARGETED_DEVICE_FAMILY = "1,2";
			};
			name = Release;
		};
		BF2C45602A4B3EBA00D48C36 /* Debug */ = {
			isa = XCBuildConfiguration;
			buildSettings = {
				ALWAYS_EMBED_SWIFT_STANDARD_LIBRARIES = YES;
				BUNDLE_LOADER = "$(TEST_HOST)";
				CODE_SIGN_IDENTITY = "Apple Development";
				CODE_SIGN_STYLE = Automatic;
				CURRENT_PROJECT_VERSION = 1;
				DEVELOPMENT_TEAM = 94JQJE3TWJ;
				GENERATE_INFOPLIST_FILE = YES;
				GENERATE_PKGINFO_FILE = YES;
				INFOPLIST_FILE = "";
				IPHONEOS_DEPLOYMENT_TARGET = 17.0;
				MACOSX_DEPLOYMENT_TARGET = 13.4;
				MARKETING_VERSION = 1.0;
				PRODUCT_BUNDLE_IDENTIFIER = com.burakerol.BobbysCounter.BobbysCounterTests;
				PRODUCT_NAME = "$(TARGET_NAME)";
				PROVISIONING_PROFILE_SPECIFIER = "";
				SDKROOT = auto;
				SUPPORTED_PLATFORMS = "iphoneos iphonesimulator";
				SUPPORTS_MACCATALYST = NO;
				SUPPORTS_MAC_DESIGNED_FOR_IPHONE_IPAD = NO;
				SUPPORTS_XR_DESIGNED_FOR_IPHONE_IPAD = NO;
				SWIFT_EMIT_LOC_STRINGS = NO;
				SWIFT_VERSION = 5.0;
				TARGETED_DEVICE_FAMILY = "1,2";
				TEST_HOST = "$(BUILT_PRODUCTS_DIR)/BobbysCounter.app/$(BUNDLE_EXECUTABLE_FOLDER_PATH)/BobbysCounter";
			};
			name = Debug;
		};
		BF2C45612A4B3EBA00D48C36 /* Release */ = {
			isa = XCBuildConfiguration;
			buildSettings = {
				ALWAYS_EMBED_SWIFT_STANDARD_LIBRARIES = YES;
				BUNDLE_LOADER = "$(TEST_HOST)";
				CODE_SIGN_IDENTITY = "Apple Development";
				CODE_SIGN_STYLE = Automatic;
				CURRENT_PROJECT_VERSION = 1;
				DEVELOPMENT_TEAM = 94JQJE3TWJ;
				GENERATE_INFOPLIST_FILE = YES;
				GENERATE_PKGINFO_FILE = YES;
				INFOPLIST_FILE = "";
				IPHONEOS_DEPLOYMENT_TARGET = 17.0;
				MACOSX_DEPLOYMENT_TARGET = 13.4;
				MARKETING_VERSION = 1.0;
				PRODUCT_BUNDLE_IDENTIFIER = com.burakerol.BobbysCounter.BobbysCounterTests;
				PRODUCT_NAME = "$(TARGET_NAME)";
				PROVISIONING_PROFILE_SPECIFIER = "";
				SDKROOT = auto;
				SUPPORTED_PLATFORMS = "iphoneos iphonesimulator";
				SUPPORTS_MACCATALYST = NO;
				SUPPORTS_MAC_DESIGNED_FOR_IPHONE_IPAD = NO;
				SUPPORTS_XR_DESIGNED_FOR_IPHONE_IPAD = NO;
				SWIFT_EMIT_LOC_STRINGS = NO;
				SWIFT_VERSION = 5.0;
				TARGETED_DEVICE_FAMILY = "1,2";
				TEST_HOST = "$(BUILT_PRODUCTS_DIR)/BobbysCounter.app/$(BUNDLE_EXECUTABLE_FOLDER_PATH)/BobbysCounter";
			};
			name = Release;
		};
		BF2C45632A4B3EBA00D48C36 /* Debug */ = {
			isa = XCBuildConfiguration;
			buildSettings = {
				ALWAYS_EMBED_SWIFT_STANDARD_LIBRARIES = YES;
				CODE_SIGN_IDENTITY = "Apple Development";
				CODE_SIGN_STYLE = Automatic;
				CURRENT_PROJECT_VERSION = 1;
				DEVELOPMENT_TEAM = 94JQJE3TWJ;
				GENERATE_INFOPLIST_FILE = YES;
				GENERATE_PKGINFO_FILE = YES;
				INFOPLIST_FILE = "";
				INFOPLIST_OUTPUT_FORMAT = "same-as-input";
				IPHONEOS_DEPLOYMENT_TARGET = 17.0;
				MACOSX_DEPLOYMENT_TARGET = 13.4;
				MARKETING_VERSION = 1.0;
				PLIST_FILE_OUTPUT_FORMAT = "same-as-input";
				PRODUCT_BUNDLE_IDENTIFIER = com.burakerol.BobbysCounter.BobbysCounterUITests;
				PRODUCT_NAME = "$(TARGET_NAME)";
				PROVISIONING_PROFILE_SPECIFIER = "";
				SDKROOT = auto;
				STRINGS_FILE_OUTPUT_ENCODING = "UTF-16";
				SUPPORTED_PLATFORMS = "iphoneos iphonesimulator";
				SUPPORTS_MACCATALYST = NO;
				SUPPORTS_MAC_DESIGNED_FOR_IPHONE_IPAD = NO;
				SUPPORTS_XR_DESIGNED_FOR_IPHONE_IPAD = NO;
				SWIFT_EMIT_LOC_STRINGS = NO;
				SWIFT_VERSION = 5.0;
				TARGETED_DEVICE_FAMILY = "1,2";
				TEST_TARGET_NAME = BobbysCounter;
			};
			name = Debug;
		};
		BF2C45642A4B3EBA00D48C36 /* Release */ = {
			isa = XCBuildConfiguration;
			buildSettings = {
				ALWAYS_EMBED_SWIFT_STANDARD_LIBRARIES = YES;
				CODE_SIGN_IDENTITY = "Apple Development";
				CODE_SIGN_STYLE = Automatic;
				CURRENT_PROJECT_VERSION = 1;
				DEVELOPMENT_TEAM = 94JQJE3TWJ;
				GENERATE_INFOPLIST_FILE = YES;
				GENERATE_PKGINFO_FILE = YES;
				INFOPLIST_FILE = "";
				INFOPLIST_OUTPUT_FORMAT = "same-as-input";
				IPHONEOS_DEPLOYMENT_TARGET = 17.0;
				MACOSX_DEPLOYMENT_TARGET = 13.4;
				MARKETING_VERSION = 1.0;
				PLIST_FILE_OUTPUT_FORMAT = "same-as-input";
				PRODUCT_BUNDLE_IDENTIFIER = com.burakerol.BobbysCounter.BobbysCounterUITests;
				PRODUCT_NAME = "$(TARGET_NAME)";
				PROVISIONING_PROFILE_SPECIFIER = "";
				SDKROOT = auto;
				STRINGS_FILE_OUTPUT_ENCODING = "UTF-16";
				SUPPORTED_PLATFORMS = "iphoneos iphonesimulator";
				SUPPORTS_MACCATALYST = NO;
				SUPPORTS_MAC_DESIGNED_FOR_IPHONE_IPAD = NO;
				SUPPORTS_XR_DESIGNED_FOR_IPHONE_IPAD = NO;
				SWIFT_EMIT_LOC_STRINGS = NO;
				SWIFT_VERSION = 5.0;
				TARGETED_DEVICE_FAMILY = "1,2";
				TEST_TARGET_NAME = BobbysCounter;
			};
			name = Release;
		};
		BFF55EC42A57315100EE0B3A /* Debug */ = {
			isa = XCBuildConfiguration;
			buildSettings = {
				ASSETCATALOG_COMPILER_GLOBAL_ACCENT_COLOR_NAME = AccentColor;
				ASSETCATALOG_COMPILER_WIDGET_BACKGROUND_COLOR_NAME = WidgetBackground;
				CODE_SIGN_ENTITLEMENTS = BobbysCounter/Resource/BobbysCounter.entitlements;
				CODE_SIGN_IDENTITY = "Apple Development";
				CODE_SIGN_STYLE = Automatic;
				CURRENT_PROJECT_VERSION = 1;
				DEVELOPMENT_TEAM = 94JQJE3TWJ;
				GENERATE_INFOPLIST_FILE = YES;
				GENERATE_PKGINFO_FILE = YES;
				INFOPLIST_FILE = BobbysCounter/Resource/Info.plist;
				INFOPLIST_KEY_CFBundleDisplayName = BobbysCounter;
				INFOPLIST_KEY_NSHumanReadableCopyright = "";
				INFOPLIST_OUTPUT_FORMAT = "same-as-input";
				LD_RUNPATH_SEARCH_PATHS = (
					"$(inherited)",
					"@executable_path/Frameworks",
					"@executable_path/../../Frameworks",
				);
				MARKETING_VERSION = 1.0;
				ONLY_ACTIVE_ARCH = YES;
				PLIST_FILE_OUTPUT_FORMAT = "same-as-input";
				PRODUCT_BUNDLE_IDENTIFIER = com.burakerol.BobbysCounter.BobbysCounterWidget;
				PRODUCT_NAME = "$(TARGET_NAME)";
				PROVISIONING_PROFILE_SPECIFIER = "";
				SDKROOT = iphoneos;
				SKIP_INSTALL = YES;
				STRINGS_FILE_OUTPUT_ENCODING = "UTF-16";
				SUPPORTED_PLATFORMS = "iphoneos iphonesimulator";
				SUPPORTS_MACCATALYST = NO;
				SUPPORTS_MAC_DESIGNED_FOR_IPHONE_IPAD = NO;
				SUPPORTS_XR_DESIGNED_FOR_IPHONE_IPAD = NO;
				SWIFT_EMIT_LOC_STRINGS = YES;
				SWIFT_VERSION = 5.0;
				TARGETED_DEVICE_FAMILY = "1,2";
			};
			name = Debug;
		};
		BFF55EC52A57315100EE0B3A /* Release */ = {
			isa = XCBuildConfiguration;
			buildSettings = {
				ASSETCATALOG_COMPILER_GLOBAL_ACCENT_COLOR_NAME = AccentColor;
				ASSETCATALOG_COMPILER_WIDGET_BACKGROUND_COLOR_NAME = WidgetBackground;
				CODE_SIGN_ENTITLEMENTS = BobbysCounter/Resource/BobbysCounter.entitlements;
				CODE_SIGN_IDENTITY = "Apple Development";
				CODE_SIGN_STYLE = Automatic;
				CURRENT_PROJECT_VERSION = 1;
				DEVELOPMENT_TEAM = 94JQJE3TWJ;
				GENERATE_INFOPLIST_FILE = YES;
				GENERATE_PKGINFO_FILE = YES;
				INFOPLIST_FILE = BobbysCounter/Resource/Info.plist;
				INFOPLIST_KEY_CFBundleDisplayName = BobbysCounter;
				INFOPLIST_KEY_NSHumanReadableCopyright = "";
				INFOPLIST_OUTPUT_FORMAT = "same-as-input";
				LD_RUNPATH_SEARCH_PATHS = (
					"$(inherited)",
					"@executable_path/Frameworks",
					"@executable_path/../../Frameworks",
				);
				MARKETING_VERSION = 1.0;
				ONLY_ACTIVE_ARCH = NO;
				PLIST_FILE_OUTPUT_FORMAT = "same-as-input";
				PRODUCT_BUNDLE_IDENTIFIER = com.burakerol.BobbysCounter.BobbysCounterWidget;
				PRODUCT_NAME = "$(TARGET_NAME)";
				PROVISIONING_PROFILE_SPECIFIER = "";
				SDKROOT = iphoneos;
				SKIP_INSTALL = YES;
				STRINGS_FILE_OUTPUT_ENCODING = "UTF-16";
				SUPPORTED_PLATFORMS = "iphoneos iphonesimulator";
				SUPPORTS_MACCATALYST = NO;
				SUPPORTS_MAC_DESIGNED_FOR_IPHONE_IPAD = NO;
				SUPPORTS_XR_DESIGNED_FOR_IPHONE_IPAD = NO;
				SWIFT_EMIT_LOC_STRINGS = YES;
				SWIFT_VERSION = 5.0;
				TARGETED_DEVICE_FAMILY = "1,2";
				VALIDATE_PRODUCT = YES;
			};
			name = Release;
		};
/* End XCBuildConfiguration section */

/* Begin XCConfigurationList section */
		BF2C452F2A4B3EB900D48C36 /* Build configuration list for PBXProject "BobbysCounter" */ = {
			isa = XCConfigurationList;
			buildConfigurations = (
				BF2C455A2A4B3EBA00D48C36 /* Debug */,
				BF2C455B2A4B3EBA00D48C36 /* Release */,
			);
			defaultConfigurationIsVisible = 0;
			defaultConfigurationName = Release;
		};
		BF2C455C2A4B3EBA00D48C36 /* Build configuration list for PBXNativeTarget "BobbysCounter" */ = {
			isa = XCConfigurationList;
			buildConfigurations = (
				BF2C455D2A4B3EBA00D48C36 /* Debug */,
				BF2C455E2A4B3EBA00D48C36 /* Release */,
			);
			defaultConfigurationIsVisible = 0;
			defaultConfigurationName = Release;
		};
		BF2C455F2A4B3EBA00D48C36 /* Build configuration list for PBXNativeTarget "BobbysCounterTests" */ = {
			isa = XCConfigurationList;
			buildConfigurations = (
				BF2C45602A4B3EBA00D48C36 /* Debug */,
				BF2C45612A4B3EBA00D48C36 /* Release */,
			);
			defaultConfigurationIsVisible = 0;
			defaultConfigurationName = Release;
		};
		BF2C45622A4B3EBA00D48C36 /* Build configuration list for PBXNativeTarget "BobbysCounterUITests" */ = {
			isa = XCConfigurationList;
			buildConfigurations = (
				BF2C45632A4B3EBA00D48C36 /* Debug */,
				BF2C45642A4B3EBA00D48C36 /* Release */,
			);
			defaultConfigurationIsVisible = 0;
			defaultConfigurationName = Release;
		};
		BFF55EC32A57315100EE0B3A /* Build configuration list for PBXNativeTarget "BobbysCounterWidget" */ = {
			isa = XCConfigurationList;
			buildConfigurations = (
				BFF55EC42A57315100EE0B3A /* Debug */,
				BFF55EC52A57315100EE0B3A /* Release */,
			);
			defaultConfigurationIsVisible = 0;
			defaultConfigurationName = Release;
		};
/* End XCConfigurationList section */
	};
	rootObject = BF2C452C2A4B3EB900D48C36 /* Project object */;
}
